{
  "lockfileVersion": 1,
  "configVersion": 1,
  "workspaces": {
    "": {
      "name": "fyren",
    },
    "packages/core": {
      "name": "@fyren/core",
      "version": "0.5.0",
      "devDependencies": {
        "@ampproject/remapping": "^2.3.0",
        "@mitata/counters": "^0.0.8",
        "@preact/signals": "^2.8.1",
        "@preact/signals-core": "^1.13.0",
        "@reactively/core": "^0.0.8",
        "@rollup/plugin-terser": "^1.0.0",
        "@solidjs/signals": "^0.12.0",
        "@zeix/cause-effect": "^1.0.0",
        "alien-signals": "^3.1.2",
        "google-closure-compiler": "^20260225.0.0",
        "magic-string": "^0.30.21",
        "mitata": "^1.0.34",
        "rolldown": "^1.0.0-rc.9",
        "rollup": "^4.59.0",
        "s-js": "^0.4.9",
        "terser": "^5.46.0",
        "usignal": "^0.10.0",
      },
    },
    "packages/list": {
      "name": "@fyren/list",
      "version": "0.5.0",
      "dependencies": {
        "@fyren/core": "file:../core",
      },
      "devDependencies": {
        "@ampproject/remapping": "^2.3.0",
        "@preact/signals": "^2.8.1",
        "@preact/signals-core": "^1.13.0",
        "alien-signals": "^3.1.2",
        "mitata": "^1.0.34",
        "rolldown": "^1.0.0-rc.9",
        "terser": "^5.0.0",
      },
    },
    "packages/tools": {
      "name": "@fyren/tools",
      "version": "0.5.0",
      "dependencies": {
        "@fyren/core": "file:../core",
      },
      "devDependencies": {
        "rolldown": "^1.0.0-rc.9",
        "terser": "^5.46.0",
      },
    },
  },
  "packages": {
    "@ampproject/remapping": ["@ampproject/remapping@2.3.0", "", { "dependencies": { "@jridgewell/gen-mapping": "^0.3.5", "@jridgewell/trace-mapping": "^0.3.24" } }, "sha512-30iZtAPgz+LTIYoeivqYo853f02jBYSd5uGnGpkFV0M3xOt9aN73erkgYAmZU43x4VfqcnLxW9Kpg3R5LC4YYw=="],

    "@emnapi/core": ["@emnapi/core@1.9.2", "", { "dependencies": { "@emnapi/wasi-threads": "1.2.1", "tslib": "^2.4.0" } }, "sha512-UC+ZhH3XtczQYfOlu3lNEkdW/p4dsJ1r/bP7H8+rhao3TTTMO1ATq/4DdIi23XuGoFY+Cz0JmCbdVl0hz9jZcA=="],

    "@emnapi/runtime": ["@emnapi/runtime@1.9.2", "", { "dependencies": { "tslib": "^2.4.0" } }, "sha512-3U4+MIWHImeyu1wnmVygh5WlgfYDtyf0k8AbLhMFxOipihf6nrWC4syIm/SwEeec0mNSafiiNnMJwbza/Is6Lw=="],

    "@emnapi/wasi-threads": ["@emnapi/wasi-threads@1.2.1", "", { "dependencies": { "tslib": "^2.4.0" } }, "sha512-uTII7OYF+/Mes/MrcIOYp5yOtSMLBWSIoLPpcgwipoiKbli6k322tcoFsxoIIxPDqW01SQGAgko4EzZi2BNv2w=="],

    "@fyren/core": ["@fyren/core@workspace:packages/core"],

    "@fyren/list": ["@fyren/list@workspace:packages/list"],

    "@fyren/tools": ["@fyren/tools@workspace:packages/tools"],

    "@jridgewell/gen-mapping": ["@jridgewell/gen-mapping@0.3.13", "", { "dependencies": { "@jridgewell/sourcemap-codec": "^1.5.0", "@jridgewell/trace-mapping": "^0.3.24" } }, "sha512-2kkt/7niJ6MgEPxF0bYdQ6etZaA+fQvDcLKckhy1yIQOzaoKjBBjSj63/aLVjYE3qhRt5dvM+uUyfCg6UKCBbA=="],

    "@jridgewell/resolve-uri": ["@jridgewell/resolve-uri@3.1.2", "", {}, "sha512-bRISgCIjP20/tbWSPWMEi54QVPRZExkuD9lJL+UIxUKtwVJA8wW1Trb1jMs1RFXo1CBTNZ/5hpC9QvmKWdopKw=="],

    "@jridgewell/source-map": ["@jridgewell/source-map@0.3.11", "", { "dependencies": { "@jridgewell/gen-mapping": "^0.3.5", "@jridgewell/trace-mapping": "^0.3.25" } }, "sha512-ZMp1V8ZFcPG5dIWnQLr3NSI1MiCU7UETdS/A0G8V/XWHvJv3ZsFqutJn1Y5RPmAPX6F3BiE397OqveU/9NCuIA=="],

    "@jridgewell/sourcemap-codec": ["@jridgewell/sourcemap-codec@1.5.5", "", {}, "sha512-cYQ9310grqxueWbl+WuIUIaiUaDcj7WOq5fVhEljNVgRfOUhY9fy2zTvfoqWsnebh8Sl70VScFbICvJnLKB0Og=="],

    "@jridgewell/trace-mapping": ["@jridgewell/trace-mapping@0.3.31", "", { "dependencies": { "@jridgewell/resolve-uri": "^3.1.0", "@jridgewell/sourcemap-codec": "^1.4.14" } }, "sha512-zzNR+SdQSDJzc8joaeP8QQoCQr8NuYx2dIIytl1QeBEZHJ9uW6hebsrYgbz8hJwUQao3TWCMtmfV8Nu1twOLAw=="],

    "@mitata/counters": ["@mitata/counters@0.0.8", "", {}, "sha512-f11w0Y1ETFlarDP7CePj8Z+y8Gv5Ax4gMxWsEwrqh0kH/YIY030Ezx5SUJeQg0YPTZ2OHKGcLG1oGJbIqHzaJA=="],

    "@napi-rs/wasm-runtime": ["@napi-rs/wasm-runtime@1.1.4", "", { "dependencies": { "@tybys/wasm-util": "^0.10.1" }, "peerDependencies": { "@emnapi/core": "^1.7.1", "@emnapi/runtime": "^1.7.1" } }, "sha512-3NQNNgA1YSlJb/kMH1ildASP9HW7/7kYnRI2szWJaofaS1hWmbGI4H+d3+22aGzXXN9IJ+n+GiFVcGipJP18ow=="],

    "@oxc-project/types": ["@oxc-project/types@0.126.0", "", {}, "sha512-oGfVtjAgwQVVpfBrbtk4e1XDyWHRFta6BS3GWVzrF8xYBT2VGQAk39yJS/wFSMrZqoiCU4oghT3Ch0HaHGIHcQ=="],

    "@preact/signals": ["@preact/signals@2.9.0", "", { "dependencies": { "@preact/signals-core": "^1.14.0" }, "peerDependencies": { "preact": ">= 10.25.0 || >=11.0.0-0" } }, "sha512-hYrY0KyUqkDgOl1qba/JGn6y81pXnurn21PMaxfcMwdncdZ3M/oVdmpTvEnsGjh48dIwDVc7bjWHqIsngSjYug=="],

    "@preact/signals-core": ["@preact/signals-core@1.14.1", "", {}, "sha512-vxPpfXqrwUe9lpjqfYNjAF/0RF/eFGeLgdJzdmIIZjpOnTmGmAB4BjWone562mJGMRP4frU6iZ6ei3PDsu52Ng=="],

    "@reactively/core": ["@reactively/core@0.0.8", "", {}, "sha512-5uAnNf2gQSm3gM7z6Lx079H1/MuDQQI+5aYfwyDFGR9nHZj8yblLY/6aOJVWp+NcBwXVBKuWQ28qWHD9F1qN1w=="],

    "@rolldown/binding-android-arm64": ["@rolldown/binding-android-arm64@1.0.0-rc.16", "", { "os": "android", "cpu": "arm64" }, "sha512-rhY3k7Bsae9qQfOtph2Pm2jZEA+s8Gmjoz4hhmx70K9iMQ/ddeae+xhRQcM5IuVx5ry1+bGfkvMn7D6MJggVSA=="],

    "@rolldown/binding-darwin-arm64": ["@rolldown/binding-darwin-arm64@1.0.0-rc.16", "", { "os": "darwin", "cpu": "arm64" }, "sha512-rNz0yK078yrNn3DrdgN+PKiMOW8HfQ92jQiXxwX8yW899ayV00MLVdaCNeVBhG/TbH3ouYVObo8/yrkiectkcQ=="],

    "@rolldown/binding-darwin-x64": ["@rolldown/binding-darwin-x64@1.0.0-rc.16", "", { "os": "darwin", "cpu": "x64" }, "sha512-r/OmdR00HmD4i79Z//xO06uEPOq5hRXdhw7nzkxQxwSavs3PSHa1ijntdpOiZ2mzOQ3fVVu8C1M19FoNM+dMUQ=="],

    "@rolldown/binding-freebsd-x64": ["@rolldown/binding-freebsd-x64@1.0.0-rc.16", "", { "os": "freebsd", "cpu": "x64" }, "sha512-KcRE5w8h0OnjUatG8pldyD14/CQ5Phs1oxfR+3pKDjboHRo9+MkqQaiIZlZRpsxC15paeXme/I127tUa9TXJ6g=="],

    "@rolldown/binding-linux-arm-gnueabihf": ["@rolldown/binding-linux-arm-gnueabihf@1.0.0-rc.16", "", { "os": "linux", "cpu": "arm" }, "sha512-bT0guA1bpxEJ/ZhTRniQf7rNF8ybvXOuWbNIeLABaV5NGjx4EtOWBTSRGWFU9ZWVkPOZ+HNFP8RMcBokBiZ0Kg=="],

    "@rolldown/binding-linux-arm64-gnu": ["@rolldown/binding-linux-arm64-gnu@1.0.0-rc.16", "", { "os": "linux", "cpu": "arm64" }, "sha512-+tHktCHWV8BDQSjemUqm/Jl/TPk3QObCTIjmdDy/nlupcujZghmKK2962LYrqFpWu+ai01AN/REOH3NEpqvYQg=="],

    "@rolldown/binding-linux-arm64-musl": ["@rolldown/binding-linux-arm64-musl@1.0.0-rc.16", "", { "os": "linux", "cpu": "arm64" }, "sha512-3fPzdREH806oRLxpTWW1Gt4tQHs0TitZFOECB2xzCFLPKnSOy90gwA7P29cksYilFO6XVRY1kzga0cL2nRjKPg=="],

    "@rolldown/binding-linux-ppc64-gnu": ["@rolldown/binding-linux-ppc64-gnu@1.0.0-rc.16", "", { "os": "linux", "cpu": "ppc64" }, "sha512-EKwI1tSrLs7YVw+JPJT/G2dJQ1jl9qlTTTEG0V2Ok/RdOenRfBw2PQdLPyjhIu58ocdBfP7vIRN/pvMsPxs/AQ=="],

    "@rolldown/binding-linux-s390x-gnu": ["@rolldown/binding-linux-s390x-gnu@1.0.0-rc.16", "", { "os": "linux", "cpu": "s390x" }, "sha512-Uknladnb3Sxqu6SEcqBldQyJUpk8NleooZEc0MbRBJ4inEhRYWZX0NJu12vNf2mqAq7gsofAxHrGghiUYjhaLQ=="],

    "@rolldown/binding-linux-x64-gnu": ["@rolldown/binding-linux-x64-gnu@1.0.0-rc.16", "", { "os": "linux", "cpu": "x64" }, "sha512-FIb8+uG49sZBtLTn+zt1AJ20TqVcqWeSIyoVt0or7uAWesgKaHbiBh6OpA/k9v0LTt+PTrb1Lao133kP4uVxkg=="],

    "@rolldown/binding-linux-x64-musl": ["@rolldown/binding-linux-x64-musl@1.0.0-rc.16", "", { "os": "linux", "cpu": "x64" }, "sha512-RuERhF9/EgWxZEXYWCOaViUWHIboceK4/ivdtQ3R0T44NjLkIIlGIAVAuCddFxsZ7vnRHtNQUrt2vR2n2slB2w=="],

    "@rolldown/binding-openharmony-arm64": ["@rolldown/binding-openharmony-arm64@1.0.0-rc.16", "", { "os": "none", "cpu": "arm64" }, "sha512-mXcXnvd9GpazCxeUCCnZ2+YF7nut+ZOEbE4GtaiPtyY6AkhZWbK70y1KK3j+RDhjVq5+U8FySkKRb/+w0EeUwA=="],

    "@rolldown/binding-wasm32-wasi": ["@rolldown/binding-wasm32-wasi@1.0.0-rc.16", "", { "dependencies": { "@emnapi/core": "1.9.2", "@emnapi/runtime": "1.9.2", "@napi-rs/wasm-runtime": "^1.1.4" }, "cpu": "none" }, "sha512-3Q2KQxnC8IJOLqXmUMoYwyIPZU9hzRbnHaoV3Euz+VVnjZKcY8ktnNP8T9R4/GGQtb27C/UYKABxesKWb8lsvQ=="],

    "@rolldown/binding-win32-arm64-msvc": ["@rolldown/binding-win32-arm64-msvc@1.0.0-rc.16", "", { "os": "win32", "cpu": "arm64" }, "sha512-tj7XRemQcOcFwv7qhpUxMTBbI5mWMlE4c1Omhg5+h8GuLXzyj8HviYgR+bB2DMDgRqUE+jiDleqSCRjx4aYk/Q=="],

    "@rolldown/binding-win32-x64-msvc": ["@rolldown/binding-win32-x64-msvc@1.0.0-rc.16", "", { "os": "win32", "cpu": "x64" }, "sha512-PH5DRZT+F4f2PTXRXR8uJxnBq2po/xFtddyabTJVJs/ZYVHqXPEgNIr35IHTEa6bpa0Q8Awg+ymkTaGnKITw4g=="],

    "@rolldown/pluginutils": ["@rolldown/pluginutils@1.0.0-rc.16", "", {}, "sha512-45+YtqxLYKDWQouLKCrpIZhke+nXxhsw+qAHVzHDVwttyBlHNBVs2K25rDXrZzhpTp9w1FlAlvweV1H++fdZoA=="],

    "@rollup/plugin-terser": ["@rollup/plugin-terser@1.0.0", "", { "dependencies": { "serialize-javascript": "^7.0.3", "smob": "^1.0.0", "terser": "^5.17.4" }, "peerDependencies": { "rollup": "^2.0.0||^3.0.0||^4.0.0" }, "optionalPeers": ["rollup"] }, "sha512-FnCxhTBx6bMOYQrar6C8h3scPt8/JwIzw3+AJ2K++6guogH5fYaIFia+zZuhqv0eo1RN7W1Pz630SyvLbDjhtQ=="],

    "@rollup/rollup-android-arm-eabi": ["@rollup/rollup-android-arm-eabi@4.60.2", "", { "os": "android", "cpu": "arm" }, "sha512-dnlp69efPPg6Uaw2dVqzWRfAWRnYVb1XJ8CyyhIbZeaq4CA5/mLeZ1IEt9QqQxmbdvagjLIm2ZL8BxXv5lH4Yw=="],

    "@rollup/rollup-android-arm64": ["@rollup/rollup-android-arm64@4.60.2", "", { "os": "android", "cpu": "arm64" }, "sha512-OqZTwDRDchGRHHm/hwLOL7uVPB9aUvI0am/eQuWMNyFHf5PSEQmyEeYYheA0EPPKUO/l0uigCp+iaTjoLjVoHg=="],

    "@rollup/rollup-darwin-arm64": ["@rollup/rollup-darwin-arm64@4.60.2", "", { "os": "darwin", "cpu": "arm64" }, "sha512-UwRE7CGpvSVEQS8gUMBe1uADWjNnVgP3Iusyda1nSRwNDCsRjnGc7w6El6WLQsXmZTbLZx9cecegumcitNfpmA=="],

    "@rollup/rollup-darwin-x64": ["@rollup/rollup-darwin-x64@4.60.2", "", { "os": "darwin", "cpu": "x64" }, "sha512-gjEtURKLCC5VXm1I+2i1u9OhxFsKAQJKTVB8WvDAHF+oZlq0GTVFOlTlO1q3AlCTE/DF32c16ESvfgqR7343/g=="],

    "@rollup/rollup-freebsd-arm64": ["@rollup/rollup-freebsd-arm64@4.60.2", "", { "os": "freebsd", "cpu": "arm64" }, "sha512-Bcl6CYDeAgE70cqZaMojOi/eK63h5Me97ZqAQoh77VPjMysA/4ORQBRGo3rRy45x4MzVlU9uZxs8Uwy7ZaKnBw=="],

    "@rollup/rollup-freebsd-x64": ["@rollup/rollup-freebsd-x64@4.60.2", "", { "os": "freebsd", "cpu": "x64" }, "sha512-LU+TPda3mAE2QB0/Hp5VyeKJivpC6+tlOXd1VMoXV/YFMvk/MNk5iXeBfB4MQGRWyOYVJ01625vjkr0Az98OJQ=="],

    "@rollup/rollup-linux-arm-gnueabihf": ["@rollup/rollup-linux-arm-gnueabihf@4.60.2", "", { "os": "linux", "cpu": "arm" }, "sha512-2QxQrM+KQ7DAW4o22j+XZ6RKdxjLD7BOWTP0Bv0tmjdyhXSsr2Ul1oJDQqh9Zf5qOwTuTc7Ek83mOFaKnodPjg=="],

    "@rollup/rollup-linux-arm-musleabihf": ["@rollup/rollup-linux-arm-musleabihf@4.60.2", "", { "os": "linux", "cpu": "arm" }, "sha512-TbziEu2DVsTEOPif2mKWkMeDMLoYjx95oESa9fkQQK7r/Orta0gnkcDpzwufEcAO2BLBsD7mZkXGFqEdMRRwfw=="],

    "@rollup/rollup-linux-arm64-gnu": ["@rollup/rollup-linux-arm64-gnu@4.60.2", "", { "os": "linux", "cpu": "arm64" }, "sha512-bO/rVDiDUuM2YfuCUwZ1t1cP+/yqjqz+Xf2VtkdppefuOFS2OSeAfgafaHNkFn0t02hEyXngZkxtGqXcXwO8Rg=="],

    "@rollup/rollup-linux-arm64-musl": ["@rollup/rollup-linux-arm64-musl@4.60.2", "", { "os": "linux", "cpu": "arm64" }, "sha512-hr26p7e93Rl0Za+JwW7EAnwAvKkehh12BU1Llm9Ykiibg4uIr2rbpxG9WCf56GuvidlTG9KiiQT/TXT1yAWxTA=="],

    "@rollup/rollup-linux-loong64-gnu": ["@rollup/rollup-linux-loong64-gnu@4.60.2", "", { "os": "linux", "cpu": "none" }, "sha512-pOjB/uSIyDt+ow3k/RcLvUAOGpysT2phDn7TTUB3n75SlIgZzM6NKAqlErPhoFU+npgY3/n+2HYIQVbF70P9/A=="],

    "@rollup/rollup-linux-loong64-musl": ["@rollup/rollup-linux-loong64-musl@4.60.2", "", { "os": "linux", "cpu": "none" }, "sha512-2/w+q8jszv9Ww1c+6uJT3OwqhdmGP2/4T17cu8WuwyUuuaCDDJ2ojdyYwZzCxx0GcsZBhzi3HmH+J5pZNXnd+Q=="],

    "@rollup/rollup-linux-ppc64-gnu": ["@rollup/rollup-linux-ppc64-gnu@4.60.2", "", { "os": "linux", "cpu": "ppc64" }, "sha512-11+aL5vKheYgczxtPVVRhdptAM2H7fcDR5Gw4/bTcteuZBlH4oP9f5s9zYO9aGZvoGeBpqXI/9TZZihZ609wKw=="],

    "@rollup/rollup-linux-ppc64-musl": ["@rollup/rollup-linux-ppc64-musl@4.60.2", "", { "os": "linux", "cpu": "ppc64" }, "sha512-i16fokAGK46IVZuV8LIIwMdtqhin9hfYkCh8pf8iC3QU3LpwL+1FSFGej+O7l3E/AoknL6Dclh2oTdnRMpTzFQ=="],

    "@rollup/rollup-linux-riscv64-gnu": ["@rollup/rollup-linux-riscv64-gnu@4.60.2", "", { "os": "linux", "cpu": "none" }, "sha512-49FkKS6RGQoriDSK/6E2GkAsAuU5kETFCh7pG4yD/ylj9rKhTmO3elsnmBvRD4PgJPds5W2PkhC82aVwmUcJ7A=="],

    "@rollup/rollup-linux-riscv64-musl": ["@rollup/rollup-linux-riscv64-musl@4.60.2", "", { "os": "linux", "cpu": "none" }, "sha512-mjYNkHPfGpUR00DuM1ZZIgs64Hpf4bWcz9Z41+4Q+pgDx73UwWdAYyf6EG/lRFldmdHHzgrYyge5akFUW0D3mQ=="],

    "@rollup/rollup-linux-s390x-gnu": ["@rollup/rollup-linux-s390x-gnu@4.60.2", "", { "os": "linux", "cpu": "s390x" }, "sha512-ALyvJz965BQk8E9Al/JDKKDLH2kfKFLTGMlgkAbbYtZuJt9LU8DW3ZoDMCtQpXAltZxwBHevXz5u+gf0yA0YoA=="],

    "@rollup/rollup-linux-x64-gnu": ["@rollup/rollup-linux-x64-gnu@4.60.2", "", { "os": "linux", "cpu": "x64" }, "sha512-UQjrkIdWrKI626Du8lCQ6MJp/6V1LAo2bOK9OTu4mSn8GGXIkPXk/Vsp4bLHCd9Z9Iz2OTEaokUE90VweJgIYQ=="],

    "@rollup/rollup-linux-x64-musl": ["@rollup/rollup-linux-x64-musl@4.60.2", "", { "os": "linux", "cpu": "x64" }, "sha512-bTsRGj6VlSdn/XD4CGyzMnzaBs9bsRxy79eTqTCBsA8TMIEky7qg48aPkvJvFe1HyzQ5oMZdg7AnVlWQSKLTnw=="],

    "@rollup/rollup-openbsd-x64": ["@rollup/rollup-openbsd-x64@4.60.2", "", { "os": "openbsd", "cpu": "x64" }, "sha512-6d4Z3534xitaA1FcMWP7mQPq5zGwBmGbhphh2DwaA1aNIXUu3KTOfwrWpbwI4/Gr0uANo7NTtaykFyO2hPuFLg=="],

    "@rollup/rollup-openharmony-arm64": ["@rollup/rollup-openharmony-arm64@4.60.2", "", { "os": "none", "cpu": "arm64" }, "sha512-NetAg5iO2uN7eB8zE5qrZ3CSil+7IJt4WDFLcC75Ymywq1VZVD6qJ6EvNLjZ3rEm6gB7XW5JdT60c6MN35Z85Q=="],

    "@rollup/rollup-win32-arm64-msvc": ["@rollup/rollup-win32-arm64-msvc@4.60.2", "", { "os": "win32", "cpu": "arm64" }, "sha512-NCYhOotpgWZ5kdxCZsv6Iudx0wX8980Q/oW4pNFNihpBKsDbEA1zpkfxJGC0yugsUuyDZ7gL37dbzwhR0VI7pQ=="],

    "@rollup/rollup-win32-ia32-msvc": ["@rollup/rollup-win32-ia32-msvc@4.60.2", "", { "os": "win32", "cpu": "ia32" }, "sha512-RXsaOqXxfoUBQoOgvmmijVxJnW2IGB0eoMO7F8FAjaj0UTywUO/luSqimWBJn04WNgUkeNhh7fs7pESXajWmkg=="],

    "@rollup/rollup-win32-x64-gnu": ["@rollup/rollup-win32-x64-gnu@4.60.2", "", { "os": "win32", "cpu": "x64" }, "sha512-qdAzEULD+/hzObedtmV6iBpdL5TIbKVztGiK7O3/KYSf+HIzU257+MX1EXJcyIiDbMAqmbwaufcYPvyRryeZtA=="],

    "@rollup/rollup-win32-x64-msvc": ["@rollup/rollup-win32-x64-msvc@4.60.2", "", { "os": "win32", "cpu": "x64" }, "sha512-Nd/SgG27WoA9e+/TdK74KnHz852TLa94ovOYySo/yMPuTmpckK/jIF2jSwS3g7ELSKXK13/cVdmg1Z/DaCWKxA=="],

    "@solidjs/signals": ["@solidjs/signals@0.12.0", "", {}, "sha512-4yeBvMCTCCPZZ1G/x0XUVg82tgC/gLikPhl91cSdGvZXMLQUEHO9Ugbca0MfICcHHJXySieFyZrMNlQ5rWcGyQ=="],

    "@tybys/wasm-util": ["@tybys/wasm-util@0.10.1", "", { "dependencies": { "tslib": "^2.4.0" } }, "sha512-9tTaPJLSiejZKx+Bmog4uSubteqTvFrVrURwkmHixBo0G4seD0zUxp98E1DzUBJxLQ3NPwXrGKDiVjwx/DpPsg=="],

    "@types/estree": ["@types/estree@1.0.8", "", {}, "sha512-dWHzHa2WqEXI/O1E9OjrocMTKJl2mSrEolh1Iomrv6U+JuNwaHXsXx9bLu5gG7BUWFIN0skIQJQ/L1rIex4X6w=="],

    "@zeix/cause-effect": ["@zeix/cause-effect@1.2.1", "", { "peerDependencies": { "typescript": ">=5.8.0" } }, "sha512-Lp1lFzC4XuXDotYYFXzMkOnHaxHeb2FcwMBVSe2c/W/IMblr5RObehveJ4yi1+LBdRQbGef01P4Kbhur7ZLtUw=="],

    "acorn": ["acorn@8.16.0", "", { "bin": { "acorn": "bin/acorn" } }, "sha512-UVJyE9MttOsBQIDKw1skb9nAwQuR5wuGD3+82K6JgJlm/Y+KI92oNsMNGZCYdDsVtRHSak0pcV5Dno5+4jh9sw=="],

    "alien-signals": ["alien-signals@3.1.2", "", {}, "sha512-d9dYqZTS90WLiU0I5c6DHj/HcKkF8ZyGN3G5x8wSbslulz70KOxaqCT0hQCo9KOyhVqzqGojvNdJXoTumZOtcw=="],

    "b4a": ["b4a@1.8.0", "", { "peerDependencies": { "react-native-b4a": "*" }, "optionalPeers": ["react-native-b4a"] }, "sha512-qRuSmNSkGQaHwNbM7J78Wwy+ghLEYF1zNrSeMxj4Kgw6y33O3mXcQ6Ie9fRvfU/YnxWkOchPXbaLb73TkIsfdg=="],

    "bare-events": ["bare-events@2.8.2", "", { "peerDependencies": { "bare-abort-controller": "*" }, "optionalPeers": ["bare-abort-controller"] }, "sha512-riJjyv1/mHLIPX4RwiK+oW9/4c3TEUeORHKefKAKnZ5kyslbN+HXowtbaVEqt4IMUB7OXlfixcs6gsFeo/jhiQ=="],

    "buffer-from": ["buffer-from@1.1.2", "", {}, "sha512-E+XQCRwSbaaiChtv6k6Dwgc+bx+Bs6vuKJHHl5kox/BaKbhiXzqQOwK4cO22yElGp2OCmjwVhT3HmxgyPGnJfQ=="],

    "chalk": ["chalk@5.6.2", "", {}, "sha512-7NzBL0rN6fMUW+f7A6Io4h40qQlG+xGmtMxfbnH/K7TAtt8JQWVQK+6g0UXKMeVJoyV5EkkNsErQ8pVD3bLHbA=="],

    "clone": ["clone@2.1.2", "", {}, "sha512-3Pe/CF1Nn94hyhIYpjtiLhdCoEoz0DqQ+988E9gmeEdQZlojxnOb74wctFyuwWQHzqyf9X7C7MG8juUpqBJT8w=="],

    "commander": ["commander@2.20.3", "", {}, "sha512-GpVkmM8vF2vQUkj2LvZmD35JxeJOLCwJ9cUkugyk2nuhbv3+mJvpLYYt+0+USMxE+oj+ey/lJEnhZw75x/OMcQ=="],

    "events-universal": ["events-universal@1.0.1", "", { "dependencies": { "bare-events": "^2.7.0" } }, "sha512-LUd5euvbMLpwOF8m6ivPCbhQeSiYVNb8Vs0fQ8QjXo0JTkEHpz8pxdQf0gStltaPpw0Cca8b39KxvK9cfKRiAw=="],

    "fast-fifo": ["fast-fifo@1.3.2", "", {}, "sha512-/d9sfos4yxzpwkDkuN7k2SqFKtYNmCTzgfEpz82x34IM9/zc8KGxQoXg1liNC/izpRM/MBdt44Nmx41ZWqk+FQ=="],

    "fsevents": ["fsevents@2.3.3", "", { "os": "darwin" }, "sha512-5xoDfX+fL7faATnagmWPpbFtwh/R77WmMMqqHGS65C3vvB0YHrgF+B1YmZ3441tMj5n63k0212XNoJwzlhffQw=="],

    "google-closure-compiler": ["google-closure-compiler@20260225.0.0", "", { "dependencies": { "chalk": "^2.0.0 || ^3.0.0 || ^4.0.0 || ^5.0.0 <5.6.1 || ^5.6.2 >5.6.1", "google-closure-compiler-java": "^20260225.0.0", "minimist": "^1.0.0", "vinyl": "^3.0.1", "vinyl-sourcemaps-apply": "^0.2.0" }, "optionalDependencies": { "google-closure-compiler-linux": "^20260225.0.0", "google-closure-compiler-linux-arm64": "^20260225.0.0", "google-closure-compiler-macos": "^20260225.0.0", "google-closure-compiler-windows": "^20260225.0.0" }, "bin": { "google-closure-compiler": "cli.js" } }, "sha512-qUu5r4DNRUJVd1FOkigJxfK1XJWfJdUs+AWc5ArehYavgCFBJcVsa5C9spqrJEua7+xtBSXuC2J2ggS5fEpaKg=="],

    "google-closure-compiler-java": ["google-closure-compiler-java@20260225.0.0", "", {}, "sha512-sxxHBpF0ph878cjozdqpEBgR/rv7fN5aYgDgNXcHdNWPs5Qr5uQaV3rdViqi/vMpqC+CYMft7tuY6375IfkfOg=="],

    "google-closure-compiler-linux": ["google-closure-compiler-linux@20260225.0.0", "", { "os": "linux", "cpu": [ "x32", "x64", ] }, "sha512-8rPCjLuqvbFUL6Pk+lrrhj9BE9jFFymx2bMHJjQQtuT0NYHBBdy6zm7tN++zp3zPOOUupBizNsWLj2pkkP24Ag=="],

    "google-closure-compiler-linux-arm64": ["google-closure-compiler-linux-arm64@20260225.0.0", "", { "os": "linux", "cpu": "arm64" }, "sha512-L7/kXqh5wmpnU44ierzHMevpaQgZHTIwp9LPPJLAvUWJ/K54HUGcz4sUhCbUzAbXE96YzQ+q87dG9ueBkZqffA=="],

    "google-closure-compiler-macos": ["google-closure-compiler-macos@20260225.0.0", "", { "os": "darwin", "cpu": "arm64" }, "sha512-QTxlYCTbyE80OyiNmxf0JAxiKKNECIQ1jINTG6ezKpBefERvoLkezhsjlfxm/KXE6YwCWXd6+puZ9vxnoWUMqQ=="],

    "google-closure-compiler-windows": ["google-closure-compiler-windows@20260225.0.0", "", { "os": "win32", "cpu": [ "x32", "x64", ] }, "sha512-tDpH19bEFqo7R+GxDWvvpeBg/HfPpCohCNG6a0Jc9im40zfVKa0YwJxuStXk0Tr4T9mIg7OnnEfVla5aeJkLzg=="],

    "magic-string": ["magic-string@0.30.21", "", { "dependencies": { "@jridgewell/sourcemap-codec": "^1.5.5" } }, "sha512-vd2F4YUyEXKGcLHoq+TEyCjxueSeHnFxyyjNp80yg0XV4vUhnDer/lvvlqM/arB5bXQN5K2/3oinyCRyx8T2CQ=="],

    "minimist": ["minimist@1.2.8", "", {}, "sha512-2yyAR8qBkN3YuheJanUpWC5U3bb5osDywNB8RzDVlDwDHbocAJveqqj1u8+SVD7jkWT4yvsHCpWqqWqAxb0zCA=="],

    "mitata": ["mitata@1.0.34", "", {}, "sha512-Mc3zrtNBKIMeHSCQ0XqRLo1vbdIx1wvFV9c8NJAiyho6AjNfMY8bVhbS12bwciUdd1t4rj8099CH3N3NFahaUA=="],

    "preact": ["preact@10.29.1", "", {}, "sha512-gQCLc/vWroE8lIpleXtdJhTFDogTdZG9AjMUpVkDf2iTCNwYNWA+u16dL41TqUDJO4gm2IgrcMv3uTpjd4Pwmg=="],

    "remove-trailing-separator": ["remove-trailing-separator@1.1.0", "", {}, "sha512-/hS+Y0u3aOfIETiaiirUFwDBDzmXPvO+jAfKTitUngIPzdKc6Z0LoFjM/CK5PL4C+eKwHohlHAb6H0VFfmmUsw=="],

    "replace-ext": ["replace-ext@2.0.0", "", {}, "sha512-UszKE5KVK6JvyD92nzMn9cDapSk6w/CaFZ96CnmDMUqH9oowfxF/ZjRITD25H4DnOQClLA4/j7jLGXXLVKxAug=="],

    "rolldown": ["rolldown@1.0.0-rc.16", "", { "dependencies": { "@oxc-project/types": "=0.126.0", "@rolldown/pluginutils": "1.0.0-rc.16" }, "optionalDependencies": { "@rolldown/binding-android-arm64": "1.0.0-rc.16", "@rolldown/binding-darwin-arm64": "1.0.0-rc.16", "@rolldown/binding-darwin-x64": "1.0.0-rc.16", "@rolldown/binding-freebsd-x64": "1.0.0-rc.16", "@rolldown/binding-linux-arm-gnueabihf": "1.0.0-rc.16", "@rolldown/binding-linux-arm64-gnu": "1.0.0-rc.16", "@rolldown/binding-linux-arm64-musl": "1.0.0-rc.16", "@rolldown/binding-linux-ppc64-gnu": "1.0.0-rc.16", "@rolldown/binding-linux-s390x-gnu": "1.0.0-rc.16", "@rolldown/binding-linux-x64-gnu": "1.0.0-rc.16", "@rolldown/binding-linux-x64-musl": "1.0.0-rc.16", "@rolldown/binding-openharmony-arm64": "1.0.0-rc.16", "@rolldown/binding-wasm32-wasi": "1.0.0-rc.16", "@rolldown/binding-win32-arm64-msvc": "1.0.0-rc.16", "@rolldown/binding-win32-x64-msvc": "1.0.0-rc.16" }, "bin": { "rolldown": "bin/cli.mjs" } }, "sha512-rzi5WqKzEZw3SooTt7cgm4eqIoujPIyGcJNGFL7iPEuajQw7vxMHUkXylu4/vhCkJGXsgRmxqMKXUpT6FEgl0g=="],

    "rollup": ["rollup@4.60.2", "", { "dependencies": { "@types/estree": "1.0.8" }, "optionalDependencies": { "@rollup/rollup-android-arm-eabi": "4.60.2", "@rollup/rollup-android-arm64": "4.60.2", "@rollup/rollup-darwin-arm64": "4.60.2", "@rollup/rollup-darwin-x64": "4.60.2", "@rollup/rollup-freebsd-arm64": "4.60.2", "@rollup/rollup-freebsd-x64": "4.60.2", "@rollup/rollup-linux-arm-gnueabihf": "4.60.2", "@rollup/rollup-linux-arm-musleabihf": "4.60.2", "@rollup/rollup-linux-arm64-gnu": "4.60.2", "@rollup/rollup-linux-arm64-musl": "4.60.2", "@rollup/rollup-linux-loong64-gnu": "4.60.2", "@rollup/rollup-linux-loong64-musl": "4.60.2", "@rollup/rollup-linux-ppc64-gnu": "4.60.2", "@rollup/rollup-linux-ppc64-musl": "4.60.2", "@rollup/rollup-linux-riscv64-gnu": "4.60.2", "@rollup/rollup-linux-riscv64-musl": "4.60.2", "@rollup/rollup-linux-s390x-gnu": "4.60.2", "@rollup/rollup-linux-x64-gnu": "4.60.2", "@rollup/rollup-linux-x64-musl": "4.60.2", "@rollup/rollup-openbsd-x64": "4.60.2", "@rollup/rollup-openharmony-arm64": "4.60.2", "@rollup/rollup-win32-arm64-msvc": "4.60.2", "@rollup/rollup-win32-ia32-msvc": "4.60.2", "@rollup/rollup-win32-x64-gnu": "4.60.2", "@rollup/rollup-win32-x64-msvc": "4.60.2", "fsevents": "~2.3.2" }, "bin": { "rollup": "dist/bin/rollup" } }, "sha512-J9qZyW++QK/09NyN/zeO0dG/1GdGfyp9lV8ajHnRVLfo/uFsbji5mHnDgn/qYdUHyCkM2N+8VyspgZclfAh0eQ=="],

    "s-js": ["s-js@0.4.9", "", {}, "sha512-RtpOm+cM6O0sHg6IA70wH+UC3FZcND+rccBZpBAHzlUgNO2Bm5BN+FnM8+OBxzXdwpKWFwX11JGF0MFRkhSoIQ=="],

    "serialize-javascript": ["serialize-javascript@7.0.5", "", {}, "sha512-F4LcB0UqUl1zErq+1nYEEzSHJnIwb3AF2XWB94b+afhrekOUijwooAYqFyRbjYkm2PAKBabx6oYv/xDxNi8IBw=="],

    "smob": ["smob@1.6.1", "", {}, "sha512-KAkBqZl3c2GvNgNhcoyJae1aKldDW0LO279wF9bk1PnluRTETKBq0WyzRXxEhoQLk56yHaOY4JCBEKDuJIET5g=="],

    "source-map": ["source-map@0.5.7", "", {}, "sha512-LbrmJOMUSdEVxIKvdcJzQC+nQhe8FUZQTXQy6+I75skNgn3OoQ0DZA8YnFa7gp8tqtL3KPf1kmo0R5DoApeSGQ=="],

    "source-map-support": ["source-map-support@0.5.21", "", { "dependencies": { "buffer-from": "^1.0.0", "source-map": "^0.6.0" } }, "sha512-uBHU3L3czsIyYXKX88fdrGovxdSCoTGDRZ6SYXtSRxLZUzHg5P/66Ht6uoUlHu9EZod+inXhKo3qQgwXUT/y1w=="],

    "streamx": ["streamx@2.25.0", "", { "dependencies": { "events-universal": "^1.0.0", "fast-fifo": "^1.3.2", "text-decoder": "^1.1.0" } }, "sha512-0nQuG6jf1w+wddNEEXCF4nTg3LtufWINB5eFEN+5TNZW7KWJp6x87+JFL43vaAUPyCfH1wID+mNVyW6OHtFamg=="],

    "teex": ["teex@1.0.1", "", { "dependencies": { "streamx": "^2.12.5" } }, "sha512-eYE6iEI62Ni1H8oIa7KlDU6uQBtqr4Eajni3wX7rpfXD8ysFx8z0+dri+KWEPWpBsxXfxu58x/0jvTVT1ekOSg=="],

    "terser": ["terser@5.46.1", "", { "dependencies": { "@jridgewell/source-map": "^0.3.3", "acorn": "^8.15.0", "commander": "^2.20.0", "source-map-support": "~0.5.20" }, "bin": { "terser": "bin/terser" } }, "sha512-vzCjQO/rgUuK9sf8VJZvjqiqiHFaZLnOiimmUuOKODxWL8mm/xua7viT7aqX7dgPY60otQjUotzFMmCB4VdmqQ=="],

    "text-decoder": ["text-decoder@1.2.7", "", { "dependencies": { "b4a": "^1.6.4" } }, "sha512-vlLytXkeP4xvEq2otHeJfSQIRyWxo/oZGEbXrtEEF9Hnmrdly59sUbzZ/QgyWuLYHctCHxFF4tRQZNQ9k60ExQ=="],

    "tslib": ["tslib@2.8.1", "", {}, "sha512-oJFu94HQb+KVduSUQL7wnpmqnfmLsOA/nAh6b6EH0wCEoK0/mPeXU6c3wKDV83MkOuHPRHtSXKKU99IBazS/2w=="],

    "typescript": ["typescript@6.0.3", "", { "bin": { "tsc": "bin/tsc", "tsserver": "bin/tsserver" } }, "sha512-y2TvuxSZPDyQakkFRPZHKFm+KKVqIisdg9/CZwm9ftvKXLP8NRWj38/ODjNbr43SsoXqNuAisEf1GdCxqWcdBw=="],

    "usignal": ["usignal@0.10.0", "", {}, "sha512-6yf3+3POTVYHXin2ukCRS0Xx8hIplPD0yPZhBkvSxUXrZjl9KKzWpRLoEX4+m9vmmgn06w6mJTPG22O2EFdjBQ=="],

    "vinyl": ["vinyl@3.0.1", "", { "dependencies": { "clone": "^2.1.2", "remove-trailing-separator": "^1.1.0", "replace-ext": "^2.0.0", "teex": "^1.0.1" } }, "sha512-0QwqXteBNXgnLCdWdvPQBX6FXRHtIH3VhJPTd5Lwn28tJXc34YqSCWUmkOvtJHBmB3gGoPtrOKk3Ts8/kEZ9aA=="],

    "vinyl-sourcemaps-apply": ["vinyl-sourcemaps-apply@0.2.1", "", { "dependencies": { "source-map": "^0.5.1" } }, "sha512-+oDh3KYZBoZC8hfocrbrxbLUeaYtQK7J5WU5Br9VqWqmCll3tFJqKp97GC9GmMsVIL0qnx2DgEDVxdo5EZ5sSw=="],

    "source-map-support/source-map": ["source-map@0.6.1", "", {}, "sha512-UjgapumWlbMhkBgzT7Ykc5YXUT46F0iKu8SGXq0bcwP5dz/h0Plj6enJqjz1Zbq2l5WaqYnrVbwWOWMyF3F47g=="],
  }
}
