{
  "lockfileVersion": 1,
  "configVersion": 1,
  "workspaces": {
    "": {
      "name": "fyren-ws",
    },
    "packages/core": {
      "name": "@fyren/core",
      "version": "0.5.0",
      "devDependencies": {
        "rolldown": "^1.0.0-rc.9",
        "terser": "^5.0.0",
      },
    },
    "packages/fyren": {
      "name": "fyren",
      "version": "0.5.0",
      "dependencies": {
        "@fyren/core": "^0.5.0",
        "@fyren/list": "^0.5.0",
      },
      "devDependencies": {
        "rolldown": "^1.0.0-rc.9",
      },
    },
    "packages/list": {
      "name": "@fyren/list",
      "version": "0.5.0",
      "devDependencies": {
        "@fyren/core": "workspace:*",
        "rolldown": "^1.0.0-rc.9",
        "terser": "^5.0.0",
      },
      "peerDependencies": {
        "@fyren/core": "^0.5.0",
      },
    },
    "packages/stream": {
      "name": "@fyren/stream",
      "version": "0.5.0",
      "dependencies": {
        "@fyren/core": "workspace:*",
        "@fyren/list": "workspace:*",
      },
    },
    "packages/tools": {
      "name": "@fyren/tools",
      "version": "0.5.0",
      "dependencies": {
        "@fyren/core": "file:../core",
      },
      "devDependencies": {
        "rolldown": "^1.0.0-rc.9",
        "terser": "^5.46.0",
      },
    },
  },
  "packages": {
    "@emnapi/core": ["@emnapi/core@1.9.2", "", { "dependencies": { "@emnapi/wasi-threads": "1.2.1", "tslib": "^2.4.0" } }, "sha512-UC+ZhH3XtczQYfOlu3lNEkdW/p4dsJ1r/bP7H8+rhao3TTTMO1ATq/4DdIi23XuGoFY+Cz0JmCbdVl0hz9jZcA=="],

    "@emnapi/runtime": ["@emnapi/runtime@1.9.2", "", { "dependencies": { "tslib": "^2.4.0" } }, "sha512-3U4+MIWHImeyu1wnmVygh5WlgfYDtyf0k8AbLhMFxOipihf6nrWC4syIm/SwEeec0mNSafiiNnMJwbza/Is6Lw=="],

    "@emnapi/wasi-threads": ["@emnapi/wasi-threads@1.2.1", "", { "dependencies": { "tslib": "^2.4.0" } }, "sha512-uTII7OYF+/Mes/MrcIOYp5yOtSMLBWSIoLPpcgwipoiKbli6k322tcoFsxoIIxPDqW01SQGAgko4EzZi2BNv2w=="],

    "@fyren/core": ["@fyren/core@workspace:packages/core"],

    "@fyren/list": ["@fyren/list@workspace:packages/list"],

    "@fyren/stream": ["@fyren/stream@workspace:packages/stream"],

    "@fyren/tools": ["@fyren/tools@workspace:packages/tools"],

    "@jridgewell/gen-mapping": ["@jridgewell/gen-mapping@0.3.13", "", { "dependencies": { "@jridgewell/sourcemap-codec": "^1.5.0", "@jridgewell/trace-mapping": "^0.3.24" } }, "sha512-2kkt/7niJ6MgEPxF0bYdQ6etZaA+fQvDcLKckhy1yIQOzaoKjBBjSj63/aLVjYE3qhRt5dvM+uUyfCg6UKCBbA=="],

    "@jridgewell/resolve-uri": ["@jridgewell/resolve-uri@3.1.2", "", {}, "sha512-bRISgCIjP20/tbWSPWMEi54QVPRZExkuD9lJL+UIxUKtwVJA8wW1Trb1jMs1RFXo1CBTNZ/5hpC9QvmKWdopKw=="],

    "@jridgewell/source-map": ["@jridgewell/source-map@0.3.11", "", { "dependencies": { "@jridgewell/gen-mapping": "^0.3.5", "@jridgewell/trace-mapping": "^0.3.25" } }, "sha512-ZMp1V8ZFcPG5dIWnQLr3NSI1MiCU7UETdS/A0G8V/XWHvJv3ZsFqutJn1Y5RPmAPX6F3BiE397OqveU/9NCuIA=="],

    "@jridgewell/sourcemap-codec": ["@jridgewell/sourcemap-codec@1.5.5", "", {}, "sha512-cYQ9310grqxueWbl+WuIUIaiUaDcj7WOq5fVhEljNVgRfOUhY9fy2zTvfoqWsnebh8Sl70VScFbICvJnLKB0Og=="],

    "@jridgewell/trace-mapping": ["@jridgewell/trace-mapping@0.3.31", "", { "dependencies": { "@jridgewell/resolve-uri": "^3.1.0", "@jridgewell/sourcemap-codec": "^1.4.14" } }, "sha512-zzNR+SdQSDJzc8joaeP8QQoCQr8NuYx2dIIytl1QeBEZHJ9uW6hebsrYgbz8hJwUQao3TWCMtmfV8Nu1twOLAw=="],

    "@napi-rs/wasm-runtime": ["@napi-rs/wasm-runtime@1.1.4", "", { "dependencies": { "@tybys/wasm-util": "^0.10.1" }, "peerDependencies": { "@emnapi/core": "^1.7.1", "@emnapi/runtime": "^1.7.1" } }, "sha512-3NQNNgA1YSlJb/kMH1ildASP9HW7/7kYnRI2szWJaofaS1hWmbGI4H+d3+22aGzXXN9IJ+n+GiFVcGipJP18ow=="],

    "@oxc-project/types": ["@oxc-project/types@0.126.0", "", {}, "sha512-oGfVtjAgwQVVpfBrbtk4e1XDyWHRFta6BS3GWVzrF8xYBT2VGQAk39yJS/wFSMrZqoiCU4oghT3Ch0HaHGIHcQ=="],

    "@rolldown/binding-android-arm64": ["@rolldown/binding-android-arm64@1.0.0-rc.16", "", { "os": "android", "cpu": "arm64" }, "sha512-rhY3k7Bsae9qQfOtph2Pm2jZEA+s8Gmjoz4hhmx70K9iMQ/ddeae+xhRQcM5IuVx5ry1+bGfkvMn7D6MJggVSA=="],

    "@rolldown/binding-darwin-arm64": ["@rolldown/binding-darwin-arm64@1.0.0-rc.16", "", { "os": "darwin", "cpu": "arm64" }, "sha512-rNz0yK078yrNn3DrdgN+PKiMOW8HfQ92jQiXxwX8yW899ayV00MLVdaCNeVBhG/TbH3ouYVObo8/yrkiectkcQ=="],

    "@rolldown/binding-darwin-x64": ["@rolldown/binding-darwin-x64@1.0.0-rc.16", "", { "os": "darwin", "cpu": "x64" }, "sha512-r/OmdR00HmD4i79Z//xO06uEPOq5hRXdhw7nzkxQxwSavs3PSHa1ijntdpOiZ2mzOQ3fVVu8C1M19FoNM+dMUQ=="],

    "@rolldown/binding-freebsd-x64": ["@rolldown/binding-freebsd-x64@1.0.0-rc.16", "", { "os": "freebsd", "cpu": "x64" }, "sha512-KcRE5w8h0OnjUatG8pldyD14/CQ5Phs1oxfR+3pKDjboHRo9+MkqQaiIZlZRpsxC15paeXme/I127tUa9TXJ6g=="],

    "@rolldown/binding-linux-arm-gnueabihf": ["@rolldown/binding-linux-arm-gnueabihf@1.0.0-rc.16", "", { "os": "linux", "cpu": "arm" }, "sha512-bT0guA1bpxEJ/ZhTRniQf7rNF8ybvXOuWbNIeLABaV5NGjx4EtOWBTSRGWFU9ZWVkPOZ+HNFP8RMcBokBiZ0Kg=="],

    "@rolldown/binding-linux-arm64-gnu": ["@rolldown/binding-linux-arm64-gnu@1.0.0-rc.16", "", { "os": "linux", "cpu": "arm64" }, "sha512-+tHktCHWV8BDQSjemUqm/Jl/TPk3QObCTIjmdDy/nlupcujZghmKK2962LYrqFpWu+ai01AN/REOH3NEpqvYQg=="],

    "@rolldown/binding-linux-arm64-musl": ["@rolldown/binding-linux-arm64-musl@1.0.0-rc.16", "", { "os": "linux", "cpu": "arm64" }, "sha512-3fPzdREH806oRLxpTWW1Gt4tQHs0TitZFOECB2xzCFLPKnSOy90gwA7P29cksYilFO6XVRY1kzga0cL2nRjKPg=="],

    "@rolldown/binding-linux-ppc64-gnu": ["@rolldown/binding-linux-ppc64-gnu@1.0.0-rc.16", "", { "os": "linux", "cpu": "ppc64" }, "sha512-EKwI1tSrLs7YVw+JPJT/G2dJQ1jl9qlTTTEG0V2Ok/RdOenRfBw2PQdLPyjhIu58ocdBfP7vIRN/pvMsPxs/AQ=="],

    "@rolldown/binding-linux-s390x-gnu": ["@rolldown/binding-linux-s390x-gnu@1.0.0-rc.16", "", { "os": "linux", "cpu": "s390x" }, "sha512-Uknladnb3Sxqu6SEcqBldQyJUpk8NleooZEc0MbRBJ4inEhRYWZX0NJu12vNf2mqAq7gsofAxHrGghiUYjhaLQ=="],

    "@rolldown/binding-linux-x64-gnu": ["@rolldown/binding-linux-x64-gnu@1.0.0-rc.16", "", { "os": "linux", "cpu": "x64" }, "sha512-FIb8+uG49sZBtLTn+zt1AJ20TqVcqWeSIyoVt0or7uAWesgKaHbiBh6OpA/k9v0LTt+PTrb1Lao133kP4uVxkg=="],

    "@rolldown/binding-linux-x64-musl": ["@rolldown/binding-linux-x64-musl@1.0.0-rc.16", "", { "os": "linux", "cpu": "x64" }, "sha512-RuERhF9/EgWxZEXYWCOaViUWHIboceK4/ivdtQ3R0T44NjLkIIlGIAVAuCddFxsZ7vnRHtNQUrt2vR2n2slB2w=="],

    "@rolldown/binding-openharmony-arm64": ["@rolldown/binding-openharmony-arm64@1.0.0-rc.16", "", { "os": "none", "cpu": "arm64" }, "sha512-mXcXnvd9GpazCxeUCCnZ2+YF7nut+ZOEbE4GtaiPtyY6AkhZWbK70y1KK3j+RDhjVq5+U8FySkKRb/+w0EeUwA=="],

    "@rolldown/binding-wasm32-wasi": ["@rolldown/binding-wasm32-wasi@1.0.0-rc.16", "", { "dependencies": { "@emnapi/core": "1.9.2", "@emnapi/runtime": "1.9.2", "@napi-rs/wasm-runtime": "^1.1.4" }, "cpu": "none" }, "sha512-3Q2KQxnC8IJOLqXmUMoYwyIPZU9hzRbnHaoV3Euz+VVnjZKcY8ktnNP8T9R4/GGQtb27C/UYKABxesKWb8lsvQ=="],

    "@rolldown/binding-win32-arm64-msvc": ["@rolldown/binding-win32-arm64-msvc@1.0.0-rc.16", "", { "os": "win32", "cpu": "arm64" }, "sha512-tj7XRemQcOcFwv7qhpUxMTBbI5mWMlE4c1Omhg5+h8GuLXzyj8HviYgR+bB2DMDgRqUE+jiDleqSCRjx4aYk/Q=="],

    "@rolldown/binding-win32-x64-msvc": ["@rolldown/binding-win32-x64-msvc@1.0.0-rc.16", "", { "os": "win32", "cpu": "x64" }, "sha512-PH5DRZT+F4f2PTXRXR8uJxnBq2po/xFtddyabTJVJs/ZYVHqXPEgNIr35IHTEa6bpa0Q8Awg+ymkTaGnKITw4g=="],

    "@rolldown/pluginutils": ["@rolldown/pluginutils@1.0.0-rc.16", "", {}, "sha512-45+YtqxLYKDWQouLKCrpIZhke+nXxhsw+qAHVzHDVwttyBlHNBVs2K25rDXrZzhpTp9w1FlAlvweV1H++fdZoA=="],

    "@tybys/wasm-util": ["@tybys/wasm-util@0.10.1", "", { "dependencies": { "tslib": "^2.4.0" } }, "sha512-9tTaPJLSiejZKx+Bmog4uSubteqTvFrVrURwkmHixBo0G4seD0zUxp98E1DzUBJxLQ3NPwXrGKDiVjwx/DpPsg=="],

    "acorn": ["acorn@8.16.0", "", { "bin": { "acorn": "bin/acorn" } }, "sha512-UVJyE9MttOsBQIDKw1skb9nAwQuR5wuGD3+82K6JgJlm/Y+KI92oNsMNGZCYdDsVtRHSak0pcV5Dno5+4jh9sw=="],

    "buffer-from": ["buffer-from@1.1.2", "", {}, "sha512-E+XQCRwSbaaiChtv6k6Dwgc+bx+Bs6vuKJHHl5kox/BaKbhiXzqQOwK4cO22yElGp2OCmjwVhT3HmxgyPGnJfQ=="],

    "commander": ["commander@2.20.3", "", {}, "sha512-GpVkmM8vF2vQUkj2LvZmD35JxeJOLCwJ9cUkugyk2nuhbv3+mJvpLYYt+0+USMxE+oj+ey/lJEnhZw75x/OMcQ=="],

    "fyren": ["fyren@workspace:packages/fyren"],

    "rolldown": ["rolldown@1.0.0-rc.16", "", { "dependencies": { "@oxc-project/types": "=0.126.0", "@rolldown/pluginutils": "1.0.0-rc.16" }, "optionalDependencies": { "@rolldown/binding-android-arm64": "1.0.0-rc.16", "@rolldown/binding-darwin-arm64": "1.0.0-rc.16", "@rolldown/binding-darwin-x64": "1.0.0-rc.16", "@rolldown/binding-freebsd-x64": "1.0.0-rc.16", "@rolldown/binding-linux-arm-gnueabihf": "1.0.0-rc.16", "@rolldown/binding-linux-arm64-gnu": "1.0.0-rc.16", "@rolldown/binding-linux-arm64-musl": "1.0.0-rc.16", "@rolldown/binding-linux-ppc64-gnu": "1.0.0-rc.16", "@rolldown/binding-linux-s390x-gnu": "1.0.0-rc.16", "@rolldown/binding-linux-x64-gnu": "1.0.0-rc.16", "@rolldown/binding-linux-x64-musl": "1.0.0-rc.16", "@rolldown/binding-openharmony-arm64": "1.0.0-rc.16", "@rolldown/binding-wasm32-wasi": "1.0.0-rc.16", "@rolldown/binding-win32-arm64-msvc": "1.0.0-rc.16", "@rolldown/binding-win32-x64-msvc": "1.0.0-rc.16" }, "bin": { "rolldown": "bin/cli.mjs" } }, "sha512-rzi5WqKzEZw3SooTt7cgm4eqIoujPIyGcJNGFL7iPEuajQw7vxMHUkXylu4/vhCkJGXsgRmxqMKXUpT6FEgl0g=="],

    "source-map": ["source-map@0.6.1", "", {}, "sha512-UjgapumWlbMhkBgzT7Ykc5YXUT46F0iKu8SGXq0bcwP5dz/h0Plj6enJqjz1Zbq2l5WaqYnrVbwWOWMyF3F47g=="],

    "source-map-support": ["source-map-support@0.5.21", "", { "dependencies": { "buffer-from": "^1.0.0", "source-map": "^0.6.0" } }, "sha512-uBHU3L3czsIyYXKX88fdrGovxdSCoTGDRZ6SYXtSRxLZUzHg5P/66Ht6uoUlHu9EZod+inXhKo3qQgwXUT/y1w=="],

    "terser": ["terser@5.46.1", "", { "dependencies": { "@jridgewell/source-map": "^0.3.3", "acorn": "^8.15.0", "commander": "^2.20.0", "source-map-support": "~0.5.20" }, "bin": { "terser": "bin/terser" } }, "sha512-vzCjQO/rgUuK9sf8VJZvjqiqiHFaZLnOiimmUuOKODxWL8mm/xua7viT7aqX7dgPY60otQjUotzFMmCB4VdmqQ=="],

    "tslib": ["tslib@2.8.1", "", {}, "sha512-oJFu94HQb+KVduSUQL7wnpmqnfmLsOA/nAh6b6EH0wCEoK0/mPeXU6c3wKDV83MkOuHPRHtSXKKU99IBazS/2w=="],
  }
}
