{
  "name": "zorn",
  "version": "0.1.0",
  "lockfileVersion": 3,
  "requires": true,
  "packages": {
    "": {
      "name": "zorn",
      "version": "0.1.0",
      "license": "MIT",
      "dependencies": {
        "@maverick-js/signals": "^5.9.1",
        "@reactively/core": "^0.0.6"
      },
      "devDependencies": {
        "@preact/signals-core": "^1.2.3",
        "cellx": "^1.10.30",
        "cli-table": "^0.3.11",
        "esbuild": "^0.17.4",
        "jasmine": "^4.5.0",
        "kleur": "^4.1.5",
        "rollup": "^3.10.1",
        "rollup-plugin-esbuild": "^5.0.0",
        "s-js": "^0.4.9",
        "typescript": "^4.9.4",
        "usignal": "^0.8.10"
      }
    },
    "node_modules/@esbuild/darwin-arm64": {
      "version": "0.17.4",
      "resolved": "https://registry.npmjs.org/@esbuild/darwin-arm64/-/darwin-arm64-0.17.4.tgz",
      "integrity": "sha512-tTyJRM9dHvlMPt1KrBFVB5OW1kXOsRNvAPtbzoKazd5RhD5/wKlXk1qR2MpaZRYwf4WDMadt0Pv0GwxB41CVow==",
      "cpu": [
        "arm64"
      ],
      "dev": true,
      "optional": true,
      "os": [
        "darwin"
      ],
      "engines": {
        "node": ">=12"
      }
    },
    "node_modules/@maverick-js/signals": {
      "version": "5.9.1",
      "resolved": "https://registry.npmjs.org/@maverick-js/signals/-/signals-5.9.1.tgz",
      "integrity": "sha512-/iq6pyYUcN9VDOv3KyOsrSJRuImOZOSJuDA/hS3zWseg4BkW7LWn08cr4gMM2FSNi06758T1P34nJG+UbCAm4A=="
    },
    "node_modules/@preact/signals-core": {
      "version": "1.2.3",
      "resolved": "https://registry.npmjs.org/@preact/signals-core/-/signals-core-1.2.3.tgz",
      "integrity": "sha512-Kui4p7PMcEQevBgsTO0JBo3gyQ88Q3qzEvsVCuSp11t0JcN4DmGCTJcGRVSCq7Bn7lGxJBO+57jNSzDoDJ+QmA==",
      "dev": true,
      "funding": {
        "type": "opencollective",
        "url": "https://opencollective.com/preact"
      }
    },
    "node_modules/@reactively/core": {
      "version": "0.0.6",
      "resolved": "https://registry.npmjs.org/@reactively/core/-/core-0.0.6.tgz",
      "integrity": "sha512-jOfk7XDJgf3+aH038SMOtR1xdGLhn+FzGVMg8Q81DOSZhIr9I0mNsg8ZHdZkb+6zcOnDnHPfvPk/Iu2P6PIrPQ=="
    },
    "node_modules/@riim/next-tick": {
      "version": "1.2.6",
      "resolved": "https://registry.npmjs.org/@riim/next-tick/-/next-tick-1.2.6.tgz",
      "integrity": "sha512-Grcu9OhD5Ohk/x2i0DwxB37Xf7ElmdBA5dGSDTNFNyiMPsMwc+XjciH+wgWd6vIq6bEtMPmaSXUm3i9q/TEyag==",
      "dev": true
    },
    "node_modules/@rollup/pluginutils": {
      "version": "5.0.2",
      "resolved": "https://registry.npmjs.org/@rollup/pluginutils/-/pluginutils-5.0.2.tgz",
      "integrity": "sha512-pTd9rIsP92h+B6wWwFbW8RkZv4hiR/xKsqre4SIuAOaOEQRxi0lqLke9k2/7WegC85GgUs9pjmOjCUi3In4vwA==",
      "dev": true,
      "dependencies": {
        "@types/estree": "^1.0.0",
        "estree-walker": "^2.0.2",
        "picomatch": "^2.3.1"
      },
      "engines": {
        "node": ">=14.0.0"
      },
      "peerDependencies": {
        "rollup": "^1.20.0||^2.0.0||^3.0.0"
      },
      "peerDependenciesMeta": {
        "rollup": {
          "optional": true
        }
      }
    },
    "node_modules/@types/estree": {
      "version": "1.0.0",
      "resolved": "https://registry.npmjs.org/@types/estree/-/estree-1.0.0.tgz",
      "integrity": "sha512-WulqXMDUTYAXCjZnk6JtIHPigp55cVtDgDrO2gHRwhyJto21+1zbVCtOYB2L1F9w4qCQ0rOGWBnBe0FNTiEJIQ==",
      "dev": true
    },
    "node_modules/balanced-match": {
      "version": "1.0.2",
      "resolved": "https://registry.npmjs.org/balanced-match/-/balanced-match-1.0.2.tgz",
      "integrity": "sha512-3oSeUO0TMV67hN1AmbXsK4yaqU7tjiHlbxRDZOpH0KW9+CeX4bRAaX0Anxt0tx2MrpRpWwQaPwIlISEJhYU5Pw==",
      "dev": true
    },
    "node_modules/brace-expansion": {
      "version": "1.1.11",
      "resolved": "https://registry.npmjs.org/brace-expansion/-/brace-expansion-1.1.11.tgz",
      "integrity": "sha512-iCuPHDFgrHX7H2vEI/5xpz07zSHB00TpugqhmYtVmMO6518mCuRMoOYFldEBl0g187ufozdaHgWKcYFb61qGiA==",
      "dev": true,
      "dependencies": {
        "balanced-match": "^1.0.0",
        "concat-map": "0.0.1"
      }
    },
    "node_modules/cellx": {
      "version": "1.10.30",
      "resolved": "https://registry.npmjs.org/cellx/-/cellx-1.10.30.tgz",
      "integrity": "sha512-fMVff996rOYsSSDkn+Q3K+27HQYnyC4gWyQj2lgV4EjH6VPpWrQaOdGmsSbrR6wX9i2cED8x1s8zPVe5cOUkPA==",
      "dev": true,
      "dependencies": {
        "@riim/next-tick": "1.2.6"
      }
    },
    "node_modules/cli-table": {
      "version": "0.3.11",
      "resolved": "https://registry.npmjs.org/cli-table/-/cli-table-0.3.11.tgz",
      "integrity": "sha512-IqLQi4lO0nIB4tcdTpN4LCB9FI3uqrJZK7RC515EnhZ6qBaglkIgICb1wjeAqpdoOabm1+SuQtkXIPdYC93jhQ==",
      "dev": true,
      "dependencies": {
        "colors": "1.0.3"
      },
      "engines": {
        "node": ">= 0.2.0"
      }
    },
    "node_modules/colors": {
      "version": "1.0.3",
      "resolved": "https://registry.npmjs.org/colors/-/colors-1.0.3.tgz",
      "integrity": "sha512-pFGrxThWcWQ2MsAz6RtgeWe4NK2kUE1WfsrvvlctdII745EW9I0yflqhe7++M5LEc7bV2c/9/5zc8sFcpL0Drw==",
      "dev": true,
      "engines": {
        "node": ">=0.1.90"
      }
    },
    "node_modules/concat-map": {
      "version": "0.0.1",
      "resolved": "https://registry.npmjs.org/concat-map/-/concat-map-0.0.1.tgz",
      "integrity": "sha512-/Srv4dswyQNBfohGpz9o6Yb3Gz3SrUDqBH5rTuhGR7ahtlbYKnVxw2bCFMRljaA7EXHaXZ8wsHdodFvbkhKmqg==",
      "dev": true
    },
    "node_modules/es-module-lexer": {
      "version": "1.1.0",
      "resolved": "https://registry.npmjs.org/es-module-lexer/-/es-module-lexer-1.1.0.tgz",
      "integrity": "sha512-fJg+1tiyEeS8figV+fPcPpm8WqJEflG3yPU0NOm5xMvrNkuiy7HzX/Ljng4Y0hAoiw4/3hQTCFYw+ub8+a2pRA==",
      "dev": true
    },
    "node_modules/esbuild": {
      "version": "0.17.4",
      "resolved": "https://registry.npmjs.org/esbuild/-/esbuild-0.17.4.tgz",
      "integrity": "sha512-zBn9MeCwT7W5F1a3lXClD61ip6vQM+H8Msb0w8zMT4ZKBpDg+rFAraNyWCDelB/2L6M3g6AXHPnsyvjMFnxtFw==",
      "dev": true,
      "hasInstallScript": true,
      "bin": {
        "esbuild": "bin/esbuild"
      },
      "engines": {
        "node": ">=12"
      },
      "optionalDependencies": {
        "@esbuild/android-arm": "0.17.4",
        "@esbuild/android-arm64": "0.17.4",
        "@esbuild/android-x64": "0.17.4",
        "@esbuild/darwin-arm64": "0.17.4",
        "@esbuild/darwin-x64": "0.17.4",
        "@esbuild/freebsd-arm64": "0.17.4",
        "@esbuild/freebsd-x64": "0.17.4",
        "@esbuild/linux-arm": "0.17.4",
        "@esbuild/linux-arm64": "0.17.4",
        "@esbuild/linux-ia32": "0.17.4",
        "@esbuild/linux-loong64": "0.17.4",
        "@esbuild/linux-mips64el": "0.17.4",
        "@esbuild/linux-ppc64": "0.17.4",
        "@esbuild/linux-riscv64": "0.17.4",
        "@esbuild/linux-s390x": "0.17.4",
        "@esbuild/linux-x64": "0.17.4",
        "@esbuild/netbsd-x64": "0.17.4",
        "@esbuild/openbsd-x64": "0.17.4",
        "@esbuild/sunos-x64": "0.17.4",
        "@esbuild/win32-arm64": "0.17.4",
        "@esbuild/win32-ia32": "0.17.4",
        "@esbuild/win32-x64": "0.17.4"
      }
    },
    "node_modules/estree-walker": {
      "version": "2.0.2",
      "resolved": "https://registry.npmjs.org/estree-walker/-/estree-walker-2.0.2.tgz",
      "integrity": "sha512-Rfkk/Mp/DL7JVje3u18FxFujQlTNR2q6QfMSMB7AvCBx91NGj/ba3kCfza0f6dVDbw7YlRf/nDrn7pQrCCyQ/w==",
      "dev": true
    },
    "node_modules/fs.realpath": {
      "version": "1.0.0",
      "resolved": "https://registry.npmjs.org/fs.realpath/-/fs.realpath-1.0.0.tgz",
      "integrity": "sha512-OO0pH2lK6a0hZnAdau5ItzHPI6pUlvI7jMVnxUQRtw4owF2wk8lOSabtGDCTP4Ggrg2MbGnWO9X8K1t4+fGMDw==",
      "dev": true
    },
    "node_modules/fsevents": {
      "version": "2.3.2",
      "resolved": "https://registry.npmjs.org/fsevents/-/fsevents-2.3.2.tgz",
      "integrity": "sha512-xiqMQR4xAeHTuB9uWm+fFRcIOgKBMiOBP+eXiyT7jsgVCq1bkVygt00oASowB7EdtpOHaaPgKt812P9ab+DDKA==",
      "dev": true,
      "hasInstallScript": true,
      "optional": true,
      "os": [
        "darwin"
      ],
      "engines": {
        "node": "^8.16.0 || ^10.6.0 || >=11.0.0"
      }
    },
    "node_modules/glob": {
      "version": "7.2.3",
      "resolved": "https://registry.npmjs.org/glob/-/glob-7.2.3.tgz",
      "integrity": "sha512-nFR0zLpU2YCaRxwoCJvL6UvCH2JFyFVIvwTLsIf21AuHlMskA1hhTdk+LlYJtOlYt9v6dvszD2BGRqBL+iQK9Q==",
      "dev": true,
      "dependencies": {
        "fs.realpath": "^1.0.0",
        "inflight": "^1.0.4",
        "inherits": "2",
        "minimatch": "^3.1.1",
        "once": "^1.3.0",
        "path-is-absolute": "^1.0.0"
      },
      "engines": {
        "node": "*"
      },
      "funding": {
        "url": "https://github.com/sponsors/isaacs"
      }
    },
    "node_modules/inflight": {
      "version": "1.0.6",
      "resolved": "https://registry.npmjs.org/inflight/-/inflight-1.0.6.tgz",
      "integrity": "sha512-k92I/b08q4wvFscXCLvqfsHCrjrF7yiXsQuIVvVE7N82W3+aqpzuUdBbfhWcy/FZR3/4IgflMgKLOsvPDrGCJA==",
      "dev": true,
      "dependencies": {
        "once": "^1.3.0",
        "wrappy": "1"
      }
    },
    "node_modules/inherits": {
      "version": "2.0.4",
      "resolved": "https://registry.npmjs.org/inherits/-/inherits-2.0.4.tgz",
      "integrity": "sha512-k/vGaX4/Yla3WzyMCvTQOXYeIHvqOKtnqBduzTHpzpQZzAskKMhZ2K+EnBiSM9zGSoIFeMpXKxa4dYeZIQqewQ==",
      "dev": true
    },
    "node_modules/jasmine": {
      "version": "4.5.0",
      "resolved": "https://registry.npmjs.org/jasmine/-/jasmine-4.5.0.tgz",
      "integrity": "sha512-9olGRvNZyADIwYL9XBNBst5BTU/YaePzuddK+YRslc7rI9MdTIE4r3xaBKbv2GEmzYYUfMOdTR8/i6JfLZaxSQ==",
      "dev": true,
      "dependencies": {
        "glob": "^7.1.6",
        "jasmine-core": "^4.5.0"
      },
      "bin": {
        "jasmine": "bin/jasmine.js"
      }
    },
    "node_modules/jasmine-core": {
      "version": "4.5.0",
      "resolved": "https://registry.npmjs.org/jasmine-core/-/jasmine-core-4.5.0.tgz",
      "integrity": "sha512-9PMzyvhtocxb3aXJVOPqBDswdgyAeSB81QnLop4npOpbqnheaTEwPc9ZloQeVswugPManznQBjD8kWDTjlnHuw==",
      "dev": true
    },
    "node_modules/joycon": {
      "version": "3.1.1",
      "resolved": "https://registry.npmjs.org/joycon/-/joycon-3.1.1.tgz",
      "integrity": "sha512-34wB/Y7MW7bzjKRjUKTa46I2Z7eV62Rkhva+KkopW7Qvv/OSWBqvkSY7vusOPrNuZcUG3tApvdVgNB8POj3SPw==",
      "dev": true,
      "engines": {
        "node": ">=10"
      }
    },
    "node_modules/jsonc-parser": {
      "version": "3.2.0",
      "resolved": "https://registry.npmjs.org/jsonc-parser/-/jsonc-parser-3.2.0.tgz",
      "integrity": "sha512-gfFQZrcTc8CnKXp6Y4/CBT3fTc0OVuDofpre4aEeEpSBPV5X5v4+Vmx+8snU7RLPrNHPKSgLxGo9YuQzz20o+w==",
      "dev": true
    },
    "node_modules/kleur": {
      "version": "4.1.5",
      "resolved": "https://registry.npmjs.org/kleur/-/kleur-4.1.5.tgz",
      "integrity": "sha512-o+NO+8WrRiQEE4/7nwRJhN1HWpVmJm511pBHUxPLtp0BUISzlBplORYSmTclCnJvQq2tKu/sgl3xVpkc7ZWuQQ==",
      "dev": true,
      "engines": {
        "node": ">=6"
      }
    },
    "node_modules/minimatch": {
      "version": "3.1.2",
      "resolved": "https://registry.npmjs.org/minimatch/-/minimatch-3.1.2.tgz",
      "integrity": "sha512-J7p63hRiAjw1NDEww1W7i37+ByIrOWO5XQQAzZ3VOcL0PNybwpfmV/N05zFAzwQ9USyEcX6t3UO+K5aqBQOIHw==",
      "dev": true,
      "dependencies": {
        "brace-expansion": "^1.1.7"
      },
      "engines": {
        "node": "*"
      }
    },
    "node_modules/once": {
      "version": "1.4.0",
      "resolved": "https://registry.npmjs.org/once/-/once-1.4.0.tgz",
      "integrity": "sha512-lNaJgI+2Q5URQBkccEKHTQOPaXdUxnZZElQTZY0MFUAuaEqe1E+Nyvgdz/aIyNi6Z9MzO5dv1H8n58/GELp3+w==",
      "dev": true,
      "dependencies": {
        "wrappy": "1"
      }
    },
    "node_modules/path-is-absolute": {
      "version": "1.0.1",
      "resolved": "https://registry.npmjs.org/path-is-absolute/-/path-is-absolute-1.0.1.tgz",
      "integrity": "sha512-AVbw3UJ2e9bq64vSaS9Am0fje1Pa8pbGqTTsmXfaIiMpnr5DlDhfJOuLj9Sf95ZPVDAUerDfEk88MPmPe7UCQg==",
      "dev": true,
      "engines": {
        "node": ">=0.10.0"
      }
    },
    "node_modules/picomatch": {
      "version": "2.3.1",
      "resolved": "https://registry.npmjs.org/picomatch/-/picomatch-2.3.1.tgz",
      "integrity": "sha512-JU3teHTNjmE2VCGFzuY8EXzCDVwEqB2a8fsIvwaStHhAWJEeVd1o1QD80CU6+ZdEXXSLbSsuLwJjkCBWqRQUVA==",
      "dev": true,
      "engines": {
        "node": ">=8.6"
      },
      "funding": {
        "url": "https://github.com/sponsors/jonschlinkert"
      }
    },
    "node_modules/rollup": {
      "version": "3.10.1",
      "resolved": "https://registry.npmjs.org/rollup/-/rollup-3.10.1.tgz",
      "integrity": "sha512-3Er+yel3bZbZX1g2kjVM+FW+RUWDxbG87fcqFM5/9HbPCTpbVp6JOLn7jlxnNlbu7s/N/uDA4EV/91E2gWnxzw==",
      "dev": true,
      "bin": {
        "rollup": "dist/bin/rollup"
      },
      "engines": {
        "node": ">=14.18.0",
        "npm": ">=8.0.0"
      },
      "optionalDependencies": {
        "fsevents": "~2.3.2"
      }
    },
    "node_modules/rollup-plugin-esbuild": {
      "version": "5.0.0",
      "resolved": "https://registry.npmjs.org/rollup-plugin-esbuild/-/rollup-plugin-esbuild-5.0.0.tgz",
      "integrity": "sha512-1cRIOHAPh8WQgdQQyyvFdeOdxuiyk+zB5zJ5+YOwrZP4cJ0MT3Fs48pQxrZeyZHcn+klFherytILVfE4aYrneg==",
      "dev": true,
      "dependencies": {
        "@rollup/pluginutils": "^5.0.1",
        "debug": "^4.3.4",
        "es-module-lexer": "^1.0.5",
        "joycon": "^3.1.1",
        "jsonc-parser": "^3.2.0"
      },
      "engines": {
        "node": ">=14.18.0",
        "npm": ">=8.0.0"
      },
      "peerDependencies": {
        "esbuild": ">=0.10.1",
        "rollup": "^1.20.0 || ^2.0.0 || ^3.0.0"
      }
    },
    "node_modules/rollup-plugin-esbuild/node_modules/debug": {
      "version": "4.3.4",
      "resolved": "https://registry.npmjs.org/debug/-/debug-4.3.4.tgz",
      "integrity": "sha512-PRWFHuSU3eDtQJPvnNY7Jcket1j0t5OuOsFzPPzsekD52Zl8qUfFIPEiswXqIvHWGVHOgX+7G/vCNNhehwxfkQ==",
      "dev": true,
      "dependencies": {
        "ms": "2.1.2"
      },
      "engines": {
        "node": ">=6.0"
      },
      "peerDependenciesMeta": {
        "supports-color": {
          "optional": true
        }
      }
    },
    "node_modules/rollup-plugin-esbuild/node_modules/ms": {
      "version": "2.1.2",
      "resolved": "https://registry.npmjs.org/ms/-/ms-2.1.2.tgz",
      "integrity": "sha512-sGkPx+VjMtmA6MX27oA4FBFELFCZZ4S4XqeGOXCv68tT+jb3vk/RyaKWP0PTKyWtmLSM0b+adUTEvbs1PEaH2w==",
      "dev": true
    },
    "node_modules/s-js": {
      "version": "0.4.9",
      "resolved": "https://registry.npmjs.org/s-js/-/s-js-0.4.9.tgz",
      "integrity": "sha512-RtpOm+cM6O0sHg6IA70wH+UC3FZcND+rccBZpBAHzlUgNO2Bm5BN+FnM8+OBxzXdwpKWFwX11JGF0MFRkhSoIQ==",
      "dev": true
    },
    "node_modules/typescript": {
      "version": "4.9.4",
      "resolved": "https://registry.npmjs.org/typescript/-/typescript-4.9.4.tgz",
      "integrity": "sha512-Uz+dTXYzxXXbsFpM86Wh3dKCxrQqUcVMxwU54orwlJjOpO3ao8L7j5lH+dWfTwgCwIuM9GQ2kvVotzYJMXTBZg==",
      "dev": true,
      "bin": {
        "tsc": "bin/tsc",
        "tsserver": "bin/tsserver"
      },
      "engines": {
        "node": ">=4.2.0"
      }
    },
    "node_modules/usignal": {
      "version": "0.8.10",
      "resolved": "https://registry.npmjs.org/usignal/-/usignal-0.8.10.tgz",
      "integrity": "sha512-Bm9Gr70tYo1GMNqMpxTo007Hw6fjElgB4Wvw2HleYoa/TMPUvbBv7kb/dZFJzbwGCzd0YqQMkzc6uP9MCpCWpQ==",
      "dev": true
    },
    "node_modules/wrappy": {
      "version": "1.0.2",
      "resolved": "https://registry.npmjs.org/wrappy/-/wrappy-1.0.2.tgz",
      "integrity": "sha512-l4Sp/DRseor9wL6EvV2+TuQn63dMkPjZ/sp9XkghTEbV9KlPS1xUsZ3u7/IQO4wxtcFB4bgpQPRcR3QCvezPcQ==",
      "dev": true
    }
  }
}
