{
  "name": "@anod/signal",
  "version": "0.5.0",
  "lockfileVersion": 3,
  "requires": true,
  "packages": {
    "": {
      "name": "@anod/signal",
      "version": "0.5.0",
      "license": "MIT",
      "dependencies": {
        "@zeix/cause-effect": "^1.0.0",
        "alien-signals": "^3.1.2",
        "s-js": "^0.4.9"
      },
      "devDependencies": {
        "@ampproject/remapping": "^2.3.0",
        "@preact/signals": "^2.8.1",
        "@preact/signals-core": "^1.13.0",
        "@rollup/plugin-terser": "^1.0.0",
        "@solidjs/signals": "^0.12.0",
        "google-closure-compiler": "^20260225.0.0",
        "magic-string": "^0.30.21",
        "mitata": "^1.0.34",
        "rolldown": "^1.0.0-rc.9",
        "rollup": "^4.59.0",
        "terser": "^5.46.0"
      }
    },
    "node_modules/@ampproject/remapping": {
      "version": "2.3.0",
      "dev": true,
      "license": "Apache-2.0",
      "dependencies": {
        "@jridgewell/gen-mapping": "^0.3.5",
        "@jridgewell/trace-mapping": "^0.3.24"
      },
      "engines": {
        "node": ">=6.0.0"
      }
    },
    "node_modules/@emnapi/core": {
      "version": "1.9.0",
      "resolved": "https://registry.npmjs.org/@emnapi/core/-/core-1.9.0.tgz",
      "integrity": "sha512-0DQ98G9ZQZOxfUcQn1waV2yS8aWdZ6kJMbYCJB3oUBecjWYO1fqJ+a1DRfPF3O5JEkwqwP1A9QEN/9mYm2Yd0w==",
      "dev": true,
      "license": "MIT",
      "optional": true,
      "dependencies": {
        "@emnapi/wasi-threads": "1.2.0",
        "tslib": "^2.4.0"
      }
    },
    "node_modules/@emnapi/runtime": {
      "version": "1.9.0",
      "resolved": "https://registry.npmjs.org/@emnapi/runtime/-/runtime-1.9.0.tgz",
      "integrity": "sha512-QN75eB0IH2ywSpRpNddCRfQIhmJYBCJ1x5Lb3IscKAL8bMnVAKnRg8dCoXbHzVLLH7P38N2Z3mtulB7W0J0FKw==",
      "dev": true,
      "license": "MIT",
      "optional": true,
      "dependencies": {
        "tslib": "^2.4.0"
      }
    },
    "node_modules/@emnapi/wasi-threads": {
      "version": "1.2.0",
      "resolved": "https://registry.npmjs.org/@emnapi/wasi-threads/-/wasi-threads-1.2.0.tgz",
      "integrity": "sha512-N10dEJNSsUx41Z6pZsXU8FjPjpBEplgH24sfkmITrBED1/U2Esum9F3lfLrMjKHHjmi557zQn7kR9R+XWXu5Rg==",
      "dev": true,
      "license": "MIT",
      "optional": true,
      "dependencies": {
        "tslib": "^2.4.0"
      }
    },
    "node_modules/@jridgewell/gen-mapping": {
      "version": "0.3.13",
      "dev": true,
      "license": "MIT",
      "dependencies": {
        "@jridgewell/sourcemap-codec": "^1.5.0",
        "@jridgewell/trace-mapping": "^0.3.24"
      }
    },
    "node_modules/@jridgewell/resolve-uri": {
      "version": "3.1.2",
      "dev": true,
      "license": "MIT",
      "engines": {
        "node": ">=6.0.0"
      }
    },
    "node_modules/@jridgewell/source-map": {
      "version": "0.3.11",
      "dev": true,
      "license": "MIT",
      "dependencies": {
        "@jridgewell/gen-mapping": "^0.3.5",
        "@jridgewell/trace-mapping": "^0.3.25"
      }
    },
    "node_modules/@jridgewell/sourcemap-codec": {
      "version": "1.5.5",
      "dev": true,
      "license": "MIT"
    },
    "node_modules/@jridgewell/trace-mapping": {
      "version": "0.3.31",
      "dev": true,
      "license": "MIT",
      "dependencies": {
        "@jridgewell/resolve-uri": "^3.1.0",
        "@jridgewell/sourcemap-codec": "^1.4.14"
      }
    },
    "node_modules/@napi-rs/wasm-runtime": {
      "version": "1.1.1",
      "resolved": "https://registry.npmjs.org/@napi-rs/wasm-runtime/-/wasm-runtime-1.1.1.tgz",
      "integrity": "sha512-p64ah1M1ld8xjWv3qbvFwHiFVWrq1yFvV4f7w+mzaqiR4IlSgkqhcRdHwsGgomwzBH51sRY4NEowLxnaBjcW/A==",
      "dev": true,
      "license": "MIT",
      "optional": true,
      "dependencies": {
        "@emnapi/core": "^1.7.1",
        "@emnapi/runtime": "^1.7.1",
        "@tybys/wasm-util": "^0.10.1"
      },
      "funding": {
        "type": "github",
        "url": "https://github.com/sponsors/Brooooooklyn"
      }
    },
    "node_modules/@oxc-project/types": {
      "version": "0.115.0",
      "resolved": "https://registry.npmjs.org/@oxc-project/types/-/types-0.115.0.tgz",
      "integrity": "sha512-4n91DKnebUS4yjUHl2g3/b2T+IUdCfmoZGhmwsovZCDaJSs+QkVAM+0AqqTxHSsHfeiMuueT75cZaZcT/m0pSw==",
      "dev": true,
      "license": "MIT",
      "funding": {
        "url": "https://github.com/sponsors/Boshen"
      }
    },
    "node_modules/@preact/signals": {
      "version": "2.8.2",
      "dev": true,
      "license": "MIT",
      "dependencies": {
        "@preact/signals-core": "^1.14.0"
      },
      "funding": {
        "type": "opencollective",
        "url": "https://opencollective.com/preact"
      },
      "peerDependencies": {
        "preact": ">= 10.25.0 || >=11.0.0-0"
      }
    },
    "node_modules/@preact/signals-core": {
      "version": "1.14.0",
      "dev": true,
      "license": "MIT",
      "funding": {
        "type": "opencollective",
        "url": "https://opencollective.com/preact"
      }
    },
    "node_modules/@rolldown/binding-android-arm64": {
      "version": "1.0.0-rc.9",
      "resolved": "https://registry.npmjs.org/@rolldown/binding-android-arm64/-/binding-android-arm64-1.0.0-rc.9.tgz",
      "integrity": "sha512-lcJL0bN5hpgJfSIz/8PIf02irmyL43P+j1pTCfbD1DbLkmGRuFIA4DD3B3ZOvGqG0XiVvRznbKtN0COQVaKUTg==",
      "cpu": [
        "arm64"
      ],
      "dev": true,
      "license": "MIT",
      "optional": true,
      "os": [
        "android"
      ],
      "engines": {
        "node": "^20.19.0 || >=22.12.0"
      }
    },
    "node_modules/@rolldown/binding-darwin-arm64": {
      "version": "1.0.0-rc.9",
      "resolved": "https://registry.npmjs.org/@rolldown/binding-darwin-arm64/-/binding-darwin-arm64-1.0.0-rc.9.tgz",
      "integrity": "sha512-J7Zk3kLYFsLtuH6U+F4pS2sYVzac0qkjcO5QxHS7OS7yZu2LRs+IXo+uvJ/mvpyUljDJ3LROZPoQfgBIpCMhdQ==",
      "cpu": [
        "arm64"
      ],
      "dev": true,
      "license": "MIT",
      "optional": true,
      "os": [
        "darwin"
      ],
      "engines": {
        "node": "^20.19.0 || >=22.12.0"
      }
    },
    "node_modules/@rolldown/binding-darwin-x64": {
      "version": "1.0.0-rc.9",
      "resolved": "https://registry.npmjs.org/@rolldown/binding-darwin-x64/-/binding-darwin-x64-1.0.0-rc.9.tgz",
      "integrity": "sha512-iwtmmghy8nhfRGeNAIltcNXzD0QMNaaA5U/NyZc1Ia4bxrzFByNMDoppoC+hl7cDiUq5/1CnFthpT9n+UtfFyg==",
      "cpu": [
        "x64"
      ],
      "dev": true,
      "license": "MIT",
      "optional": true,
      "os": [
        "darwin"
      ],
      "engines": {
        "node": "^20.19.0 || >=22.12.0"
      }
    },
    "node_modules/@rolldown/binding-freebsd-x64": {
      "version": "1.0.0-rc.9",
      "resolved": "https://registry.npmjs.org/@rolldown/binding-freebsd-x64/-/binding-freebsd-x64-1.0.0-rc.9.tgz",
      "integrity": "sha512-DLFYI78SCiZr5VvdEplsVC2Vx53lnA4/Ga5C65iyldMVaErr86aiqCoNBLl92PXPfDtUYjUh+xFFor40ueNs4Q==",
      "cpu": [
        "x64"
      ],
      "dev": true,
      "license": "MIT",
      "optional": true,
      "os": [
        "freebsd"
      ],
      "engines": {
        "node": "^20.19.0 || >=22.12.0"
      }
    },
    "node_modules/@rolldown/binding-linux-arm-gnueabihf": {
      "version": "1.0.0-rc.9",
      "resolved": "https://registry.npmjs.org/@rolldown/binding-linux-arm-gnueabihf/-/binding-linux-arm-gnueabihf-1.0.0-rc.9.tgz",
      "integrity": "sha512-CsjTmTwd0Hri6iTw/DRMK7kOZ7FwAkrO4h8YWKoX/kcj833e4coqo2wzIFywtch/8Eb5enQ/lwLM7w6JX1W5RQ==",
      "cpu": [
        "arm"
      ],
      "dev": true,
      "license": "MIT",
      "optional": true,
      "os": [
        "linux"
      ],
      "engines": {
        "node": "^20.19.0 || >=22.12.0"
      }
    },
    "node_modules/@rolldown/binding-linux-arm64-gnu": {
      "version": "1.0.0-rc.9",
      "resolved": "https://registry.npmjs.org/@rolldown/binding-linux-arm64-gnu/-/binding-linux-arm64-gnu-1.0.0-rc.9.tgz",
      "integrity": "sha512-2x9O2JbSPxpxMDhP9Z74mahAStibTlrBMW0520+epJH5sac7/LwZW5Bmg/E6CXuEF53JJFW509uP+lSedaUNxg==",
      "cpu": [
        "arm64"
      ],
      "dev": true,
      "libc": [
        "glibc"
      ],
      "license": "MIT",
      "optional": true,
      "os": [
        "linux"
      ],
      "engines": {
        "node": "^20.19.0 || >=22.12.0"
      }
    },
    "node_modules/@rolldown/binding-linux-arm64-musl": {
      "version": "1.0.0-rc.9",
      "resolved": "https://registry.npmjs.org/@rolldown/binding-linux-arm64-musl/-/binding-linux-arm64-musl-1.0.0-rc.9.tgz",
      "integrity": "sha512-JA1QRW31ogheAIRhIg9tjMfsYbglXXYGNPLdPEYrwFxdbkQCAzvpSCSHCDWNl4hTtrol8WeboCSEpjdZK8qrCg==",
      "cpu": [
        "arm64"
      ],
      "dev": true,
      "libc": [
        "musl"
      ],
      "license": "MIT",
      "optional": true,
      "os": [
        "linux"
      ],
      "engines": {
        "node": "^20.19.0 || >=22.12.0"
      }
    },
    "node_modules/@rolldown/binding-linux-ppc64-gnu": {
      "version": "1.0.0-rc.9",
      "resolved": "https://registry.npmjs.org/@rolldown/binding-linux-ppc64-gnu/-/binding-linux-ppc64-gnu-1.0.0-rc.9.tgz",
      "integrity": "sha512-aOKU9dJheda8Kj8Y3w9gnt9QFOO+qKPAl8SWd7JPHP+Cu0EuDAE5wokQubLzIDQWg2myXq2XhTpOVS07qqvT+w==",
      "cpu": [
        "ppc64"
      ],
      "dev": true,
      "libc": [
        "glibc"
      ],
      "license": "MIT",
      "optional": true,
      "os": [
        "linux"
      ],
      "engines": {
        "node": "^20.19.0 || >=22.12.0"
      }
    },
    "node_modules/@rolldown/binding-linux-s390x-gnu": {
      "version": "1.0.0-rc.9",
      "resolved": "https://registry.npmjs.org/@rolldown/binding-linux-s390x-gnu/-/binding-linux-s390x-gnu-1.0.0-rc.9.tgz",
      "integrity": "sha512-OalO94fqj7IWRn3VdXWty75jC5dk4C197AWEuMhIpvVv2lw9fiPhud0+bW2ctCxb3YoBZor71QHbY+9/WToadA==",
      "cpu": [
        "s390x"
      ],
      "dev": true,
      "libc": [
        "glibc"
      ],
      "license": "MIT",
      "optional": true,
      "os": [
        "linux"
      ],
      "engines": {
        "node": "^20.19.0 || >=22.12.0"
      }
    },
    "node_modules/@rolldown/binding-linux-x64-gnu": {
      "version": "1.0.0-rc.9",
      "resolved": "https://registry.npmjs.org/@rolldown/binding-linux-x64-gnu/-/binding-linux-x64-gnu-1.0.0-rc.9.tgz",
      "integrity": "sha512-cVEl1vZtBsBZna3YMjGXNvnYYrOJ7RzuWvZU0ffvJUexWkukMaDuGhUXn0rjnV0ptzGVkvc+vW9Yqy6h8YX4pg==",
      "cpu": [
        "x64"
      ],
      "dev": true,
      "libc": [
        "glibc"
      ],
      "license": "MIT",
      "optional": true,
      "os": [
        "linux"
      ],
      "engines": {
        "node": "^20.19.0 || >=22.12.0"
      }
    },
    "node_modules/@rolldown/binding-linux-x64-musl": {
      "version": "1.0.0-rc.9",
      "resolved": "https://registry.npmjs.org/@rolldown/binding-linux-x64-musl/-/binding-linux-x64-musl-1.0.0-rc.9.tgz",
      "integrity": "sha512-UzYnKCIIc4heAKgI4PZ3dfBGUZefGCJ1TPDuLHoCzgrMYPb5Rv6TLFuYtyM4rWyHM7hymNdsg5ik2C+UD9VDbA==",
      "cpu": [
        "x64"
      ],
      "dev": true,
      "libc": [
        "musl"
      ],
      "license": "MIT",
      "optional": true,
      "os": [
        "linux"
      ],
      "engines": {
        "node": "^20.19.0 || >=22.12.0"
      }
    },
    "node_modules/@rolldown/binding-openharmony-arm64": {
      "version": "1.0.0-rc.9",
      "resolved": "https://registry.npmjs.org/@rolldown/binding-openharmony-arm64/-/binding-openharmony-arm64-1.0.0-rc.9.tgz",
      "integrity": "sha512-+6zoiF+RRyf5cdlFQP7nm58mq7+/2PFaY2DNQeD4B87N36JzfF/l9mdBkkmTvSYcYPE8tMh/o3cRlsx1ldLfog==",
      "cpu": [
        "arm64"
      ],
      "dev": true,
      "license": "MIT",
      "optional": true,
      "os": [
        "openharmony"
      ],
      "engines": {
        "node": "^20.19.0 || >=22.12.0"
      }
    },
    "node_modules/@rolldown/binding-wasm32-wasi": {
      "version": "1.0.0-rc.9",
      "resolved": "https://registry.npmjs.org/@rolldown/binding-wasm32-wasi/-/binding-wasm32-wasi-1.0.0-rc.9.tgz",
      "integrity": "sha512-rgFN6sA/dyebil3YTlL2evvi/M+ivhfnyxec7AccTpRPccno/rPoNlqybEZQBkcbZu8Hy+eqNJCqfBR8P7Pg8g==",
      "cpu": [
        "wasm32"
      ],
      "dev": true,
      "license": "MIT",
      "optional": true,
      "dependencies": {
        "@napi-rs/wasm-runtime": "^1.1.1"
      },
      "engines": {
        "node": ">=14.0.0"
      }
    },
    "node_modules/@rolldown/binding-win32-arm64-msvc": {
      "version": "1.0.0-rc.9",
      "resolved": "https://registry.npmjs.org/@rolldown/binding-win32-arm64-msvc/-/binding-win32-arm64-msvc-1.0.0-rc.9.tgz",
      "integrity": "sha512-lHVNUG/8nlF1IQk1C0Ci574qKYyty2goMiPlRqkC5R+3LkXDkL5Dhx8ytbxq35m+pkHVIvIxviD+TWLdfeuadA==",
      "cpu": [
        "arm64"
      ],
      "dev": true,
      "license": "MIT",
      "optional": true,
      "os": [
        "win32"
      ],
      "engines": {
        "node": "^20.19.0 || >=22.12.0"
      }
    },
    "node_modules/@rolldown/binding-win32-x64-msvc": {
      "version": "1.0.0-rc.9",
      "resolved": "https://registry.npmjs.org/@rolldown/binding-win32-x64-msvc/-/binding-win32-x64-msvc-1.0.0-rc.9.tgz",
      "integrity": "sha512-G0oA4+w1iY5AGi5HcDTxWsoxF509hrFIPB2rduV5aDqS9FtDg1CAfa7V34qImbjfhIcA8C+RekocJZA96EarwQ==",
      "cpu": [
        "x64"
      ],
      "dev": true,
      "license": "MIT",
      "optional": true,
      "os": [
        "win32"
      ],
      "engines": {
        "node": "^20.19.0 || >=22.12.0"
      }
    },
    "node_modules/@rolldown/pluginutils": {
      "version": "1.0.0-rc.9",
      "resolved": "https://registry.npmjs.org/@rolldown/pluginutils/-/pluginutils-1.0.0-rc.9.tgz",
      "integrity": "sha512-w6oiRWgEBl04QkFZgmW+jnU1EC9b57Oihi2ot3HNWIQRqgHp5PnYDia5iZ5FF7rpa4EQdiqMDXjlqKGXBhsoXw==",
      "dev": true,
      "license": "MIT"
    },
    "node_modules/@rollup/plugin-terser": {
      "version": "1.0.0",
      "dev": true,
      "license": "MIT",
      "dependencies": {
        "serialize-javascript": "^7.0.3",
        "smob": "^1.0.0",
        "terser": "^5.17.4"
      },
      "engines": {
        "node": ">=20.0.0"
      },
      "peerDependencies": {
        "rollup": "^2.0.0||^3.0.0||^4.0.0"
      },
      "peerDependenciesMeta": {
        "rollup": {
          "optional": true
        }
      }
    },
    "node_modules/@rollup/rollup-android-arm-eabi": {
      "version": "4.59.0",
      "resolved": "https://registry.npmjs.org/@rollup/rollup-android-arm-eabi/-/rollup-android-arm-eabi-4.59.0.tgz",
      "integrity": "sha512-upnNBkA6ZH2VKGcBj9Fyl9IGNPULcjXRlg0LLeaioQWueH30p6IXtJEbKAgvyv+mJaMxSm1l6xwDXYjpEMiLMg==",
      "cpu": [
        "arm"
      ],
      "dev": true,
      "license": "MIT",
      "optional": true,
      "os": [
        "android"
      ]
    },
    "node_modules/@rollup/rollup-android-arm64": {
      "version": "4.59.0",
      "resolved": "https://registry.npmjs.org/@rollup/rollup-android-arm64/-/rollup-android-arm64-4.59.0.tgz",
      "integrity": "sha512-hZ+Zxj3SySm4A/DylsDKZAeVg0mvi++0PYVceVyX7hemkw7OreKdCvW2oQ3T1FMZvCaQXqOTHb8qmBShoqk69Q==",
      "cpu": [
        "arm64"
      ],
      "dev": true,
      "license": "MIT",
      "optional": true,
      "os": [
        "android"
      ]
    },
    "node_modules/@rollup/rollup-darwin-arm64": {
      "version": "4.59.0",
      "resolved": "https://registry.npmjs.org/@rollup/rollup-darwin-arm64/-/rollup-darwin-arm64-4.59.0.tgz",
      "integrity": "sha512-W2Psnbh1J8ZJw0xKAd8zdNgF9HRLkdWwwdWqubSVk0pUuQkoHnv7rx4GiF9rT4t5DIZGAsConRE3AxCdJ4m8rg==",
      "cpu": [
        "arm64"
      ],
      "dev": true,
      "license": "MIT",
      "optional": true,
      "os": [
        "darwin"
      ]
    },
    "node_modules/@rollup/rollup-darwin-x64": {
      "version": "4.59.0",
      "resolved": "https://registry.npmjs.org/@rollup/rollup-darwin-x64/-/rollup-darwin-x64-4.59.0.tgz",
      "integrity": "sha512-ZW2KkwlS4lwTv7ZVsYDiARfFCnSGhzYPdiOU4IM2fDbL+QGlyAbjgSFuqNRbSthybLbIJ915UtZBtmuLrQAT/w==",
      "cpu": [
        "x64"
      ],
      "dev": true,
      "license": "MIT",
      "optional": true,
      "os": [
        "darwin"
      ]
    },
    "node_modules/@rollup/rollup-freebsd-arm64": {
      "version": "4.59.0",
      "resolved": "https://registry.npmjs.org/@rollup/rollup-freebsd-arm64/-/rollup-freebsd-arm64-4.59.0.tgz",
      "integrity": "sha512-EsKaJ5ytAu9jI3lonzn3BgG8iRBjV4LxZexygcQbpiU0wU0ATxhNVEpXKfUa0pS05gTcSDMKpn3Sx+QB9RlTTA==",
      "cpu": [
        "arm64"
      ],
      "dev": true,
      "license": "MIT",
      "optional": true,
      "os": [
        "freebsd"
      ]
    },
    "node_modules/@rollup/rollup-freebsd-x64": {
      "version": "4.59.0",
      "resolved": "https://registry.npmjs.org/@rollup/rollup-freebsd-x64/-/rollup-freebsd-x64-4.59.0.tgz",
      "integrity": "sha512-d3DuZi2KzTMjImrxoHIAODUZYoUUMsuUiY4SRRcJy6NJoZ6iIqWnJu9IScV9jXysyGMVuW+KNzZvBLOcpdl3Vg==",
      "cpu": [
        "x64"
      ],
      "dev": true,
      "license": "MIT",
      "optional": true,
      "os": [
        "freebsd"
      ]
    },
    "node_modules/@rollup/rollup-linux-arm-gnueabihf": {
      "version": "4.59.0",
      "resolved": "https://registry.npmjs.org/@rollup/rollup-linux-arm-gnueabihf/-/rollup-linux-arm-gnueabihf-4.59.0.tgz",
      "integrity": "sha512-t4ONHboXi/3E0rT6OZl1pKbl2Vgxf9vJfWgmUoCEVQVxhW6Cw/c8I6hbbu7DAvgp82RKiH7TpLwxnJeKv2pbsw==",
      "cpu": [
        "arm"
      ],
      "dev": true,
      "libc": [
        "glibc"
      ],
      "license": "MIT",
      "optional": true,
      "os": [
        "linux"
      ]
    },
    "node_modules/@rollup/rollup-linux-arm-musleabihf": {
      "version": "4.59.0",
      "resolved": "https://registry.npmjs.org/@rollup/rollup-linux-arm-musleabihf/-/rollup-linux-arm-musleabihf-4.59.0.tgz",
      "integrity": "sha512-CikFT7aYPA2ufMD086cVORBYGHffBo4K8MQ4uPS/ZnY54GKj36i196u8U+aDVT2LX4eSMbyHtyOh7D7Zvk2VvA==",
      "cpu": [
        "arm"
      ],
      "dev": true,
      "libc": [
        "musl"
      ],
      "license": "MIT",
      "optional": true,
      "os": [
        "linux"
      ]
    },
    "node_modules/@rollup/rollup-linux-arm64-gnu": {
      "version": "4.59.0",
      "resolved": "https://registry.npmjs.org/@rollup/rollup-linux-arm64-gnu/-/rollup-linux-arm64-gnu-4.59.0.tgz",
      "integrity": "sha512-jYgUGk5aLd1nUb1CtQ8E+t5JhLc9x5WdBKew9ZgAXg7DBk0ZHErLHdXM24rfX+bKrFe+Xp5YuJo54I5HFjGDAA==",
      "cpu": [
        "arm64"
      ],
      "dev": true,
      "libc": [
        "glibc"
      ],
      "license": "MIT",
      "optional": true,
      "os": [
        "linux"
      ]
    },
    "node_modules/@rollup/rollup-linux-arm64-musl": {
      "version": "4.59.0",
      "resolved": "https://registry.npmjs.org/@rollup/rollup-linux-arm64-musl/-/rollup-linux-arm64-musl-4.59.0.tgz",
      "integrity": "sha512-peZRVEdnFWZ5Bh2KeumKG9ty7aCXzzEsHShOZEFiCQlDEepP1dpUl/SrUNXNg13UmZl+gzVDPsiCwnV1uI0RUA==",
      "cpu": [
        "arm64"
      ],
      "dev": true,
      "libc": [
        "musl"
      ],
      "license": "MIT",
      "optional": true,
      "os": [
        "linux"
      ]
    },
    "node_modules/@rollup/rollup-linux-loong64-gnu": {
      "version": "4.59.0",
      "resolved": "https://registry.npmjs.org/@rollup/rollup-linux-loong64-gnu/-/rollup-linux-loong64-gnu-4.59.0.tgz",
      "integrity": "sha512-gbUSW/97f7+r4gHy3Jlup8zDG190AuodsWnNiXErp9mT90iCy9NKKU0Xwx5k8VlRAIV2uU9CsMnEFg/xXaOfXg==",
      "cpu": [
        "loong64"
      ],
      "dev": true,
      "libc": [
        "glibc"
      ],
      "license": "MIT",
      "optional": true,
      "os": [
        "linux"
      ]
    },
    "node_modules/@rollup/rollup-linux-loong64-musl": {
      "version": "4.59.0",
      "resolved": "https://registry.npmjs.org/@rollup/rollup-linux-loong64-musl/-/rollup-linux-loong64-musl-4.59.0.tgz",
      "integrity": "sha512-yTRONe79E+o0FWFijasoTjtzG9EBedFXJMl888NBEDCDV9I2wGbFFfJQQe63OijbFCUZqxpHz1GzpbtSFikJ4Q==",
      "cpu": [
        "loong64"
      ],
      "dev": true,
      "libc": [
        "musl"
      ],
      "license": "MIT",
      "optional": true,
      "os": [
        "linux"
      ]
    },
    "node_modules/@rollup/rollup-linux-ppc64-gnu": {
      "version": "4.59.0",
      "resolved": "https://registry.npmjs.org/@rollup/rollup-linux-ppc64-gnu/-/rollup-linux-ppc64-gnu-4.59.0.tgz",
      "integrity": "sha512-sw1o3tfyk12k3OEpRddF68a1unZ5VCN7zoTNtSn2KndUE+ea3m3ROOKRCZxEpmT9nsGnogpFP9x6mnLTCaoLkA==",
      "cpu": [
        "ppc64"
      ],
      "dev": true,
      "libc": [
        "glibc"
      ],
      "license": "MIT",
      "optional": true,
      "os": [
        "linux"
      ]
    },
    "node_modules/@rollup/rollup-linux-ppc64-musl": {
      "version": "4.59.0",
      "resolved": "https://registry.npmjs.org/@rollup/rollup-linux-ppc64-musl/-/rollup-linux-ppc64-musl-4.59.0.tgz",
      "integrity": "sha512-+2kLtQ4xT3AiIxkzFVFXfsmlZiG5FXYW7ZyIIvGA7Bdeuh9Z0aN4hVyXS/G1E9bTP/vqszNIN/pUKCk/BTHsKA==",
      "cpu": [
        "ppc64"
      ],
      "dev": true,
      "libc": [
        "musl"
      ],
      "license": "MIT",
      "optional": true,
      "os": [
        "linux"
      ]
    },
    "node_modules/@rollup/rollup-linux-riscv64-gnu": {
      "version": "4.59.0",
      "resolved": "https://registry.npmjs.org/@rollup/rollup-linux-riscv64-gnu/-/rollup-linux-riscv64-gnu-4.59.0.tgz",
      "integrity": "sha512-NDYMpsXYJJaj+I7UdwIuHHNxXZ/b/N2hR15NyH3m2qAtb/hHPA4g4SuuvrdxetTdndfj9b1WOmy73kcPRoERUg==",
      "cpu": [
        "riscv64"
      ],
      "dev": true,
      "libc": [
        "glibc"
      ],
      "license": "MIT",
      "optional": true,
      "os": [
        "linux"
      ]
    },
    "node_modules/@rollup/rollup-linux-riscv64-musl": {
      "version": "4.59.0",
      "resolved": "https://registry.npmjs.org/@rollup/rollup-linux-riscv64-musl/-/rollup-linux-riscv64-musl-4.59.0.tgz",
      "integrity": "sha512-nLckB8WOqHIf1bhymk+oHxvM9D3tyPndZH8i8+35p/1YiVoVswPid2yLzgX7ZJP0KQvnkhM4H6QZ5m0LzbyIAg==",
      "cpu": [
        "riscv64"
      ],
      "dev": true,
      "libc": [
        "musl"
      ],
      "license": "MIT",
      "optional": true,
      "os": [
        "linux"
      ]
    },
    "node_modules/@rollup/rollup-linux-s390x-gnu": {
      "version": "4.59.0",
      "resolved": "https://registry.npmjs.org/@rollup/rollup-linux-s390x-gnu/-/rollup-linux-s390x-gnu-4.59.0.tgz",
      "integrity": "sha512-oF87Ie3uAIvORFBpwnCvUzdeYUqi2wY6jRFWJAy1qus/udHFYIkplYRW+wo+GRUP4sKzYdmE1Y3+rY5Gc4ZO+w==",
      "cpu": [
        "s390x"
      ],
      "dev": true,
      "libc": [
        "glibc"
      ],
      "license": "MIT",
      "optional": true,
      "os": [
        "linux"
      ]
    },
    "node_modules/@rollup/rollup-linux-x64-gnu": {
      "version": "4.59.0",
      "resolved": "https://registry.npmjs.org/@rollup/rollup-linux-x64-gnu/-/rollup-linux-x64-gnu-4.59.0.tgz",
      "integrity": "sha512-3AHmtQq/ppNuUspKAlvA8HtLybkDflkMuLK4DPo77DfthRb71V84/c4MlWJXixZz4uruIH4uaa07IqoAkG64fg==",
      "cpu": [
        "x64"
      ],
      "dev": true,
      "libc": [
        "glibc"
      ],
      "license": "MIT",
      "optional": true,
      "os": [
        "linux"
      ]
    },
    "node_modules/@rollup/rollup-linux-x64-musl": {
      "version": "4.59.0",
      "resolved": "https://registry.npmjs.org/@rollup/rollup-linux-x64-musl/-/rollup-linux-x64-musl-4.59.0.tgz",
      "integrity": "sha512-2UdiwS/9cTAx7qIUZB/fWtToJwvt0Vbo0zmnYt7ED35KPg13Q0ym1g442THLC7VyI6JfYTP4PiSOWyoMdV2/xg==",
      "cpu": [
        "x64"
      ],
      "dev": true,
      "libc": [
        "musl"
      ],
      "license": "MIT",
      "optional": true,
      "os": [
        "linux"
      ]
    },
    "node_modules/@rollup/rollup-openbsd-x64": {
      "version": "4.59.0",
      "resolved": "https://registry.npmjs.org/@rollup/rollup-openbsd-x64/-/rollup-openbsd-x64-4.59.0.tgz",
      "integrity": "sha512-M3bLRAVk6GOwFlPTIxVBSYKUaqfLrn8l0psKinkCFxl4lQvOSz8ZrKDz2gxcBwHFpci0B6rttydI4IpS4IS/jQ==",
      "cpu": [
        "x64"
      ],
      "dev": true,
      "license": "MIT",
      "optional": true,
      "os": [
        "openbsd"
      ]
    },
    "node_modules/@rollup/rollup-openharmony-arm64": {
      "version": "4.59.0",
      "resolved": "https://registry.npmjs.org/@rollup/rollup-openharmony-arm64/-/rollup-openharmony-arm64-4.59.0.tgz",
      "integrity": "sha512-tt9KBJqaqp5i5HUZzoafHZX8b5Q2Fe7UjYERADll83O4fGqJ49O1FsL6LpdzVFQcpwvnyd0i+K/VSwu/o/nWlA==",
      "cpu": [
        "arm64"
      ],
      "dev": true,
      "license": "MIT",
      "optional": true,
      "os": [
        "openharmony"
      ]
    },
    "node_modules/@rollup/rollup-win32-arm64-msvc": {
      "version": "4.59.0",
      "resolved": "https://registry.npmjs.org/@rollup/rollup-win32-arm64-msvc/-/rollup-win32-arm64-msvc-4.59.0.tgz",
      "integrity": "sha512-V5B6mG7OrGTwnxaNUzZTDTjDS7F75PO1ae6MJYdiMu60sq0CqN5CVeVsbhPxalupvTX8gXVSU9gq+Rx1/hvu6A==",
      "cpu": [
        "arm64"
      ],
      "dev": true,
      "license": "MIT",
      "optional": true,
      "os": [
        "win32"
      ]
    },
    "node_modules/@rollup/rollup-win32-ia32-msvc": {
      "version": "4.59.0",
      "resolved": "https://registry.npmjs.org/@rollup/rollup-win32-ia32-msvc/-/rollup-win32-ia32-msvc-4.59.0.tgz",
      "integrity": "sha512-UKFMHPuM9R0iBegwzKF4y0C4J9u8C6MEJgFuXTBerMk7EJ92GFVFYBfOZaSGLu6COf7FxpQNqhNS4c4icUPqxA==",
      "cpu": [
        "ia32"
      ],
      "dev": true,
      "license": "MIT",
      "optional": true,
      "os": [
        "win32"
      ]
    },
    "node_modules/@rollup/rollup-win32-x64-gnu": {
      "version": "4.59.0",
      "cpu": [
        "x64"
      ],
      "dev": true,
      "license": "MIT",
      "optional": true,
      "os": [
        "win32"
      ]
    },
    "node_modules/@rollup/rollup-win32-x64-msvc": {
      "version": "4.59.0",
      "cpu": [
        "x64"
      ],
      "dev": true,
      "license": "MIT",
      "optional": true,
      "os": [
        "win32"
      ]
    },
    "node_modules/@solidjs/signals": {
      "version": "0.12.0",
      "dev": true,
      "license": "MIT"
    },
    "node_modules/@tybys/wasm-util": {
      "version": "0.10.1",
      "resolved": "https://registry.npmjs.org/@tybys/wasm-util/-/wasm-util-0.10.1.tgz",
      "integrity": "sha512-9tTaPJLSiejZKx+Bmog4uSubteqTvFrVrURwkmHixBo0G4seD0zUxp98E1DzUBJxLQ3NPwXrGKDiVjwx/DpPsg==",
      "dev": true,
      "license": "MIT",
      "optional": true,
      "dependencies": {
        "tslib": "^2.4.0"
      }
    },
    "node_modules/@types/estree": {
      "version": "1.0.8",
      "dev": true,
      "license": "MIT"
    },
    "node_modules/@zeix/cause-effect": {
      "version": "1.0.0",
      "license": "MIT",
      "peerDependencies": {
        "typescript": "^5.9.3"
      }
    },
    "node_modules/acorn": {
      "version": "8.16.0",
      "dev": true,
      "license": "MIT",
      "bin": {
        "acorn": "bin/acorn"
      },
      "engines": {
        "node": ">=0.4.0"
      }
    },
    "node_modules/alien-signals": {
      "version": "3.1.2",
      "license": "MIT"
    },
    "node_modules/b4a": {
      "version": "1.8.0",
      "dev": true,
      "license": "Apache-2.0",
      "peerDependencies": {
        "react-native-b4a": "*"
      },
      "peerDependenciesMeta": {
        "react-native-b4a": {
          "optional": true
        }
      }
    },
    "node_modules/bare-events": {
      "version": "2.8.2",
      "dev": true,
      "license": "Apache-2.0",
      "peerDependencies": {
        "bare-abort-controller": "*"
      },
      "peerDependenciesMeta": {
        "bare-abort-controller": {
          "optional": true
        }
      }
    },
    "node_modules/buffer-from": {
      "version": "1.1.2",
      "dev": true,
      "license": "MIT"
    },
    "node_modules/chalk": {
      "version": "5.6.2",
      "dev": true,
      "license": "MIT",
      "engines": {
        "node": "^12.17.0 || ^14.13 || >=16.0.0"
      },
      "funding": {
        "url": "https://github.com/chalk/chalk?sponsor=1"
      }
    },
    "node_modules/clone": {
      "version": "2.1.2",
      "dev": true,
      "license": "MIT",
      "engines": {
        "node": ">=0.8"
      }
    },
    "node_modules/commander": {
      "version": "2.20.3",
      "dev": true,
      "license": "MIT"
    },
    "node_modules/events-universal": {
      "version": "1.0.1",
      "dev": true,
      "license": "Apache-2.0",
      "dependencies": {
        "bare-events": "^2.7.0"
      }
    },
    "node_modules/fast-fifo": {
      "version": "1.3.2",
      "dev": true,
      "license": "MIT"
    },
    "node_modules/fsevents": {
      "version": "2.3.3",
      "resolved": "https://registry.npmjs.org/fsevents/-/fsevents-2.3.3.tgz",
      "integrity": "sha512-5xoDfX+fL7faATnagmWPpbFtwh/R77WmMMqqHGS65C3vvB0YHrgF+B1YmZ3441tMj5n63k0212XNoJwzlhffQw==",
      "dev": true,
      "hasInstallScript": true,
      "license": "MIT",
      "optional": true,
      "os": [
        "darwin"
      ],
      "engines": {
        "node": "^8.16.0 || ^10.6.0 || >=11.0.0"
      }
    },
    "node_modules/google-closure-compiler": {
      "version": "20260225.0.0",
      "dev": true,
      "license": "Apache-2.0",
      "dependencies": {
        "chalk": "^2.0.0 || ^3.0.0 || ^4.0.0 || ^5.0.0 <5.6.1 || ^5.6.2 >5.6.1",
        "google-closure-compiler-java": "^20260225.0.0",
        "minimist": "^1.0.0",
        "vinyl": "^3.0.1",
        "vinyl-sourcemaps-apply": "^0.2.0"
      },
      "bin": {
        "google-closure-compiler": "cli.js"
      },
      "engines": {
        "node": ">=18"
      },
      "optionalDependencies": {
        "google-closure-compiler-linux": "^20260225.0.0",
        "google-closure-compiler-linux-arm64": "^20260225.0.0",
        "google-closure-compiler-macos": "^20260225.0.0",
        "google-closure-compiler-windows": "^20260225.0.0"
      }
    },
    "node_modules/google-closure-compiler-java": {
      "version": "20260225.0.0",
      "dev": true,
      "license": "Apache-2.0"
    },
    "node_modules/google-closure-compiler-linux": {
      "version": "20260225.0.0",
      "resolved": "https://registry.npmjs.org/google-closure-compiler-linux/-/google-closure-compiler-linux-20260225.0.0.tgz",
      "integrity": "sha512-8rPCjLuqvbFUL6Pk+lrrhj9BE9jFFymx2bMHJjQQtuT0NYHBBdy6zm7tN++zp3zPOOUupBizNsWLj2pkkP24Ag==",
      "cpu": [
        "x32",
        "x64"
      ],
      "dev": true,
      "license": "Apache-2.0",
      "optional": true,
      "os": [
        "linux"
      ]
    },
    "node_modules/google-closure-compiler-linux-arm64": {
      "version": "20260225.0.0",
      "resolved": "https://registry.npmjs.org/google-closure-compiler-linux-arm64/-/google-closure-compiler-linux-arm64-20260225.0.0.tgz",
      "integrity": "sha512-L7/kXqh5wmpnU44ierzHMevpaQgZHTIwp9LPPJLAvUWJ/K54HUGcz4sUhCbUzAbXE96YzQ+q87dG9ueBkZqffA==",
      "cpu": [
        "arm64"
      ],
      "dev": true,
      "license": "Apache-2.0",
      "optional": true,
      "os": [
        "linux"
      ]
    },
    "node_modules/google-closure-compiler-macos": {
      "version": "20260225.0.0",
      "resolved": "https://registry.npmjs.org/google-closure-compiler-macos/-/google-closure-compiler-macos-20260225.0.0.tgz",
      "integrity": "sha512-QTxlYCTbyE80OyiNmxf0JAxiKKNECIQ1jINTG6ezKpBefERvoLkezhsjlfxm/KXE6YwCWXd6+puZ9vxnoWUMqQ==",
      "cpu": [
        "arm64"
      ],
      "dev": true,
      "license": "Apache-2.0",
      "optional": true,
      "os": [
        "darwin"
      ]
    },
    "node_modules/google-closure-compiler-windows": {
      "version": "20260225.0.0",
      "cpu": [
        "x32",
        "x64"
      ],
      "dev": true,
      "license": "Apache-2.0",
      "optional": true,
      "os": [
        "win32"
      ]
    },
    "node_modules/magic-string": {
      "version": "0.30.21",
      "dev": true,
      "license": "MIT",
      "dependencies": {
        "@jridgewell/sourcemap-codec": "^1.5.5"
      }
    },
    "node_modules/minimist": {
      "version": "1.2.8",
      "dev": true,
      "license": "MIT",
      "funding": {
        "url": "https://github.com/sponsors/ljharb"
      }
    },
    "node_modules/mitata": {
      "version": "1.0.34",
      "dev": true,
      "license": "MIT"
    },
    "node_modules/preact": {
      "version": "10.29.0",
      "dev": true,
      "license": "MIT",
      "peer": true,
      "funding": {
        "type": "opencollective",
        "url": "https://opencollective.com/preact"
      }
    },
    "node_modules/remove-trailing-separator": {
      "version": "1.1.0",
      "dev": true,
      "license": "ISC"
    },
    "node_modules/replace-ext": {
      "version": "2.0.0",
      "dev": true,
      "license": "MIT",
      "engines": {
        "node": ">= 10"
      }
    },
    "node_modules/rolldown": {
      "version": "1.0.0-rc.9",
      "resolved": "https://registry.npmjs.org/rolldown/-/rolldown-1.0.0-rc.9.tgz",
      "integrity": "sha512-9EbgWge7ZH+yqb4d2EnELAntgPTWbfL8ajiTW+SyhJEC4qhBbkCKbqFV4Ge4zmu5ziQuVbWxb/XwLZ+RIO7E8Q==",
      "dev": true,
      "license": "MIT",
      "dependencies": {
        "@oxc-project/types": "=0.115.0",
        "@rolldown/pluginutils": "1.0.0-rc.9"
      },
      "bin": {
        "rolldown": "bin/cli.mjs"
      },
      "engines": {
        "node": "^20.19.0 || >=22.12.0"
      },
      "optionalDependencies": {
        "@rolldown/binding-android-arm64": "1.0.0-rc.9",
        "@rolldown/binding-darwin-arm64": "1.0.0-rc.9",
        "@rolldown/binding-darwin-x64": "1.0.0-rc.9",
        "@rolldown/binding-freebsd-x64": "1.0.0-rc.9",
        "@rolldown/binding-linux-arm-gnueabihf": "1.0.0-rc.9",
        "@rolldown/binding-linux-arm64-gnu": "1.0.0-rc.9",
        "@rolldown/binding-linux-arm64-musl": "1.0.0-rc.9",
        "@rolldown/binding-linux-ppc64-gnu": "1.0.0-rc.9",
        "@rolldown/binding-linux-s390x-gnu": "1.0.0-rc.9",
        "@rolldown/binding-linux-x64-gnu": "1.0.0-rc.9",
        "@rolldown/binding-linux-x64-musl": "1.0.0-rc.9",
        "@rolldown/binding-openharmony-arm64": "1.0.0-rc.9",
        "@rolldown/binding-wasm32-wasi": "1.0.0-rc.9",
        "@rolldown/binding-win32-arm64-msvc": "1.0.0-rc.9",
        "@rolldown/binding-win32-x64-msvc": "1.0.0-rc.9"
      }
    },
    "node_modules/rollup": {
      "version": "4.59.0",
      "dev": true,
      "license": "MIT",
      "dependencies": {
        "@types/estree": "1.0.8"
      },
      "bin": {
        "rollup": "dist/bin/rollup"
      },
      "engines": {
        "node": ">=18.0.0",
        "npm": ">=8.0.0"
      },
      "optionalDependencies": {
        "@rollup/rollup-android-arm-eabi": "4.59.0",
        "@rollup/rollup-android-arm64": "4.59.0",
        "@rollup/rollup-darwin-arm64": "4.59.0",
        "@rollup/rollup-darwin-x64": "4.59.0",
        "@rollup/rollup-freebsd-arm64": "4.59.0",
        "@rollup/rollup-freebsd-x64": "4.59.0",
        "@rollup/rollup-linux-arm-gnueabihf": "4.59.0",
        "@rollup/rollup-linux-arm-musleabihf": "4.59.0",
        "@rollup/rollup-linux-arm64-gnu": "4.59.0",
        "@rollup/rollup-linux-arm64-musl": "4.59.0",
        "@rollup/rollup-linux-loong64-gnu": "4.59.0",
        "@rollup/rollup-linux-loong64-musl": "4.59.0",
        "@rollup/rollup-linux-ppc64-gnu": "4.59.0",
        "@rollup/rollup-linux-ppc64-musl": "4.59.0",
        "@rollup/rollup-linux-riscv64-gnu": "4.59.0",
        "@rollup/rollup-linux-riscv64-musl": "4.59.0",
        "@rollup/rollup-linux-s390x-gnu": "4.59.0",
        "@rollup/rollup-linux-x64-gnu": "4.59.0",
        "@rollup/rollup-linux-x64-musl": "4.59.0",
        "@rollup/rollup-openbsd-x64": "4.59.0",
        "@rollup/rollup-openharmony-arm64": "4.59.0",
        "@rollup/rollup-win32-arm64-msvc": "4.59.0",
        "@rollup/rollup-win32-ia32-msvc": "4.59.0",
        "@rollup/rollup-win32-x64-gnu": "4.59.0",
        "@rollup/rollup-win32-x64-msvc": "4.59.0",
        "fsevents": "~2.3.2"
      }
    },
    "node_modules/s-js": {
      "version": "0.4.9",
      "license": "MIT"
    },
    "node_modules/serialize-javascript": {
      "version": "7.0.4",
      "dev": true,
      "license": "BSD-3-Clause",
      "engines": {
        "node": ">=20.0.0"
      }
    },
    "node_modules/smob": {
      "version": "1.6.1",
      "dev": true,
      "license": "MIT",
      "engines": {
        "node": ">=20.0.0"
      }
    },
    "node_modules/source-map": {
      "version": "0.5.7",
      "dev": true,
      "license": "BSD-3-Clause",
      "engines": {
        "node": ">=0.10.0"
      }
    },
    "node_modules/source-map-support": {
      "version": "0.5.21",
      "dev": true,
      "license": "MIT",
      "dependencies": {
        "buffer-from": "^1.0.0",
        "source-map": "^0.6.0"
      }
    },
    "node_modules/source-map-support/node_modules/source-map": {
      "version": "0.6.1",
      "dev": true,
      "license": "BSD-3-Clause",
      "engines": {
        "node": ">=0.10.0"
      }
    },
    "node_modules/streamx": {
      "version": "2.23.0",
      "dev": true,
      "license": "MIT",
      "dependencies": {
        "events-universal": "^1.0.0",
        "fast-fifo": "^1.3.2",
        "text-decoder": "^1.1.0"
      }
    },
    "node_modules/teex": {
      "version": "1.0.1",
      "dev": true,
      "license": "MIT",
      "dependencies": {
        "streamx": "^2.12.5"
      }
    },
    "node_modules/terser": {
      "version": "5.46.0",
      "resolved": "https://registry.npmjs.org/terser/-/terser-5.46.0.tgz",
      "integrity": "sha512-jTwoImyr/QbOWFFso3YoU3ik0jBBDJ6JTOQiy/J2YxVJdZCc+5u7skhNwiOR3FQIygFqVUPHl7qbbxtjW2K3Qg==",
      "dev": true,
      "license": "BSD-2-Clause",
      "dependencies": {
        "@jridgewell/source-map": "^0.3.3",
        "acorn": "^8.15.0",
        "commander": "^2.20.0",
        "source-map-support": "~0.5.20"
      },
      "bin": {
        "terser": "bin/terser"
      },
      "engines": {
        "node": ">=10"
      }
    },
    "node_modules/text-decoder": {
      "version": "1.2.7",
      "dev": true,
      "license": "Apache-2.0",
      "dependencies": {
        "b4a": "^1.6.4"
      }
    },
    "node_modules/tslib": {
      "version": "2.8.1",
      "resolved": "https://registry.npmjs.org/tslib/-/tslib-2.8.1.tgz",
      "integrity": "sha512-oJFu94HQb+KVduSUQL7wnpmqnfmLsOA/nAh6b6EH0wCEoK0/mPeXU6c3wKDV83MkOuHPRHtSXKKU99IBazS/2w==",
      "dev": true,
      "license": "0BSD",
      "optional": true
    },
    "node_modules/typescript": {
      "version": "5.9.3",
      "license": "Apache-2.0",
      "peer": true,
      "bin": {
        "tsc": "bin/tsc",
        "tsserver": "bin/tsserver"
      },
      "engines": {
        "node": ">=14.17"
      }
    },
    "node_modules/vinyl": {
      "version": "3.0.1",
      "dev": true,
      "license": "MIT",
      "dependencies": {
        "clone": "^2.1.2",
        "remove-trailing-separator": "^1.1.0",
        "replace-ext": "^2.0.0",
        "teex": "^1.0.1"
      },
      "engines": {
        "node": ">=10.13.0"
      }
    },
    "node_modules/vinyl-sourcemaps-apply": {
      "version": "0.2.1",
      "dev": true,
      "license": "ISC",
      "dependencies": {
        "source-map": "^0.5.1"
      }
    }
  }
}
